
Microsoft Visual Studio Solution File, Format Version 12.00
# Visual Studio 14
VisualStudioVersion = 14.0.25123.0
MinimumVisualStudioVersion = 10.0.40219.1
Project("{2150E333-8FDC-42A3-9474-1A3956D46DE8}") = "Admin", "Admin", "{30577367-4E9F-421A-B3AA-3DB4D1A72292}"
EndProject
Project("{2150E333-8FDC-42A3-9474-1A3956D46DE8}") = "Customer", "Customer", "{97FD677F-E3C8-4966-9E80-CE0479B8E308}"
EndProject
Project("{FAE04EC0-301F-11D3-BF4B-00C04F79EFBC}") = "BlackBox.Mobile.Admin.Droid", "BlackBox.Mobile.Admin\BlackBox.Mobile.Admin.Droid\BlackBox.Mobile.Admin.Droid.csproj", "{850D82AF-85E2-489D-A341-18EF409AF578}"
EndProject
Project("{FAE04EC0-301F-11D3-BF4B-00C04F79EFBC}") = "BlackBox.Mobile.Admin.iOS", "BlackBox.Mobile.Admin\BlackBox.Mobile.Admin.iOS\BlackBox.Mobile.Admin.iOS.csproj", "{B469CDBD-8A38-4EB7-B1CE-A0B20D1388B9}"
EndProject
Project("{FAE04EC0-301F-11D3-BF4B-00C04F79EFBC}") = "BlackBox.Mobile.Admin.WinPhone", "BlackBox.Mobile.Admin\BlackBox.Mobile.Admin.WinPhone\BlackBox.Mobile.Admin.WinPhone.csproj", "{6AB7B63F-D69A-432B-B9CF-A8C1C6FC8054}"
EndProject
Project("{FAE04EC0-301F-11D3-BF4B-00C04F79EFBC}") = "BlackBox.Mobile.Admin.UWP", "BlackBox.Mobile.Admin\BlackBox.Mobile.Admin.UWP\BlackBox.Mobile.Admin.UWP.csproj", "{36A1A136-1ABD-4554-AD27-57D603C1D384}"
EndProject
Project("{FAE04EC0-301F-11D3-BF4B-00C04F79EFBC}") = "BlackBox.Mobile.Admin.Windows", "BlackBox.Mobile.Admin\BlackBox.Mobile.Admin.Windows\BlackBox.Mobile.Admin.Windows.csproj", "{AD11753E-FC05-4D75-98A7-A49516392437}"
EndProject
Project("{FAE04EC0-301F-11D3-BF4B-00C04F79EFBC}") = "BlackBox.Mobile.Admin", "BlackBox.Mobile.Admin\BlackBox.Mobile.Admin\BlackBox.Mobile.Admin.csproj", "{0C361D50-8F7B-468E-AA7B-5267ECEEB079}"
EndProject
Project("{FAE04EC0-301F-11D3-BF4B-00C04F79EFBC}") = "BlackBox.Mobile.Customer.Droid", "BlackBox.Mobile.Customer\BlackBox.Mobile.Customer.Droid\BlackBox.Mobile.Customer.Droid.csproj", "{1DE7B2EC-D696-47B3-9395-F7067E2C5D89}"
EndProject
Project("{FAE04EC0-301F-11D3-BF4B-00C04F79EFBC}") = "BlackBox.Mobile.Customer.iOS", "BlackBox.Mobile.Customer\BlackBox.Mobile.Customer.iOS\BlackBox.Mobile.Customer.iOS.csproj", "{6D0D52CB-C75A-49A5-B74F-72CC7768C03E}"
EndProject
Project("{FAE04EC0-301F-11D3-BF4B-00C04F79EFBC}") = "BlackBox.Mobile.Customer.WinPhone", "BlackBox.Mobile.Customer\BlackBox.Mobile.Customer.WinPhone\BlackBox.Mobile.Customer.WinPhone.csproj", "{3BA48DDF-F183-49DF-9318-7158946488B9}"
EndProject
Project("{FAE04EC0-301F-11D3-BF4B-00C04F79EFBC}") = "BlackBox.Mobile.Customer.UWP", "BlackBox.Mobile.Customer\BlackBox.Mobile.Customer.UWP\BlackBox.Mobile.Customer.UWP.csproj", "{E3738600-7092-44AA-88BB-F3E9D71D2632}"
EndProject
Project("{FAE04EC0-301F-11D3-BF4B-00C04F79EFBC}") = "BlackBox.Mobile.Customer.Windows", "BlackBox.Mobile.Customer\BlackBox.Mobile.Customer.Windows\BlackBox.Mobile.Customer.Windows.csproj", "{EFA66431-9878-4FA9-B679-B187CEB5D0B7}"
EndProject
Project("{FAE04EC0-301F-11D3-BF4B-00C04F79EFBC}") = "BlackBox.Mobile.Customer", "BlackBox.Mobile.Customer\BlackBox.Mobile.Customer\BlackBox.Mobile.Customer.csproj", "{D4116110-8787-4143-9DAA-2976E51B0487}"
EndProject
Global
	GlobalSection(SolutionConfigurationPlatforms) = preSolution
		Ad-Hoc|Any CPU = Ad-Hoc|Any CPU
		Ad-Hoc|ARM = Ad-Hoc|ARM
		Ad-Hoc|iPhone = Ad-Hoc|iPhone
		Ad-Hoc|iPhoneSimulator = Ad-Hoc|iPhoneSimulator
		Ad-Hoc|x64 = Ad-Hoc|x64
		Ad-Hoc|x86 = Ad-Hoc|x86
		AppStore|Any CPU = AppStore|Any CPU
		AppStore|ARM = AppStore|ARM
		AppStore|iPhone = AppStore|iPhone
		AppStore|iPhoneSimulator = AppStore|iPhoneSimulator
		AppStore|x64 = AppStore|x64
		AppStore|x86 = AppStore|x86
		Debug|Any CPU = Debug|Any CPU
		Debug|ARM = Debug|ARM
		Debug|iPhone = Debug|iPhone
		Debug|iPhoneSimulator = Debug|iPhoneSimulator
		Debug|x64 = Debug|x64
		Debug|x86 = Debug|x86
		Release|Any CPU = Release|Any CPU
		Release|ARM = Release|ARM
		Release|iPhone = Release|iPhone
		Release|iPhoneSimulator = Release|iPhoneSimulator
		Release|x64 = Release|x64
		Release|x86 = Release|x86
	EndGlobalSection
	GlobalSection(ProjectConfigurationPlatforms) = postSolution
		{850D82AF-85E2-489D-A341-18EF409AF578}.Ad-Hoc|Any CPU.ActiveCfg = Release|Any CPU
		{850D82AF-85E2-489D-A341-18EF409AF578}.Ad-Hoc|Any CPU.Build.0 = Release|Any CPU
		{850D82AF-85E2-489D-A341-18EF409AF578}.Ad-Hoc|Any CPU.Deploy.0 = Release|Any CPU
		{850D82AF-85E2-489D-A341-18EF409AF578}.Ad-Hoc|ARM.ActiveCfg = Release|Any CPU
		{850D82AF-85E2-489D-A341-18EF409AF578}.Ad-Hoc|ARM.Build.0 = Release|Any CPU
		{850D82AF-85E2-489D-A341-18EF409AF578}.Ad-Hoc|ARM.Deploy.0 = Release|Any CPU
		{850D82AF-85E2-489D-A341-18EF409AF578}.Ad-Hoc|iPhone.ActiveCfg = Release|Any CPU
		{850D82AF-85E2-489D-A341-18EF409AF578}.Ad-Hoc|iPhone.Build.0 = Release|Any CPU
		{850D82AF-85E2-489D-A341-18EF409AF578}.Ad-Hoc|iPhone.Deploy.0 = Release|Any CPU
		{850D82AF-85E2-489D-A341-18EF409AF578}.Ad-Hoc|iPhoneSimulator.ActiveCfg = Release|Any CPU
		{850D82AF-85E2-489D-A341-18EF409AF578}.Ad-Hoc|iPhoneSimulator.Build.0 = Release|Any CPU
		{850D82AF-85E2-489D-A341-18EF409AF578}.Ad-Hoc|iPhoneSimulator.Deploy.0 = Release|Any CPU
		{850D82AF-85E2-489D-A341-18EF409AF578}.Ad-Hoc|x64.ActiveCfg = Release|Any CPU
		{850D82AF-85E2-489D-A341-18EF409AF578}.Ad-Hoc|x64.Build.0 = Release|Any CPU
		{850D82AF-85E2-489D-A341-18EF409AF578}.Ad-Hoc|x64.Deploy.0 = Release|Any CPU
		{850D82AF-85E2-489D-A341-18EF409AF578}.Ad-Hoc|x86.ActiveCfg = Release|Any CPU
		{850D82AF-85E2-489D-A341-18EF409AF578}.Ad-Hoc|x86.Build.0 = Release|Any CPU
		{850D82AF-85E2-489D-A341-18EF409AF578}.Ad-Hoc|x86.Deploy.0 = Release|Any CPU
		{850D82AF-85E2-489D-A341-18EF409AF578}.AppStore|Any CPU.ActiveCfg = Release|Any CPU
		{850D82AF-85E2-489D-A341-18EF409AF578}.AppStore|Any CPU.Build.0 = Release|Any CPU
		{850D82AF-85E2-489D-A341-18EF409AF578}.AppStore|Any CPU.Deploy.0 = Release|Any CPU
		{850D82AF-85E2-489D-A341-18EF409AF578}.AppStore|ARM.ActiveCfg = Release|Any CPU
		{850D82AF-85E2-489D-A341-18EF409AF578}.AppStore|ARM.Build.0 = Release|Any CPU
		{850D82AF-85E2-489D-A341-18EF409AF578}.AppStore|ARM.Deploy.0 = Release|Any CPU
		{850D82AF-85E2-489D-A341-18EF409AF578}.AppStore|iPhone.ActiveCfg = Release|Any CPU
		{850D82AF-85E2-489D-A341-18EF409AF578}.AppStore|iPhone.Build.0 = Release|Any CPU
		{850D82AF-85E2-489D-A341-18EF409AF578}.AppStore|iPhone.Deploy.0 = Release|Any CPU
		{850D82AF-85E2-489D-A341-18EF409AF578}.AppStore|iPhoneSimulator.ActiveCfg = Release|Any CPU
		{850D82AF-85E2-489D-A341-18EF409AF578}.AppStore|iPhoneSimulator.Build.0 = Release|Any CPU
		{850D82AF-85E2-489D-A341-18EF409AF578}.AppStore|iPhoneSimulator.Deploy.0 = Release|Any CPU
		{850D82AF-85E2-489D-A341-18EF409AF578}.AppStore|x64.ActiveCfg = Release|Any CPU
		{850D82AF-85E2-489D-A341-18EF409AF578}.AppStore|x64.Build.0 = Release|Any CPU
		{850D82AF-85E2-489D-A341-18EF409AF578}.AppStore|x64.Deploy.0 = Release|Any CPU
		{850D82AF-85E2-489D-A341-18EF409AF578}.AppStore|x86.ActiveCfg = Release|Any CPU
		{850D82AF-85E2-489D-A341-18EF409AF578}.AppStore|x86.Build.0 = Release|Any CPU
		{850D82AF-85E2-489D-A341-18EF409AF578}.AppStore|x86.Deploy.0 = Release|Any CPU
		{850D82AF-85E2-489D-A341-18EF409AF578}.Debug|Any CPU.ActiveCfg = Debug|Any CPU
		{850D82AF-85E2-489D-A341-18EF409AF578}.Debug|Any CPU.Build.0 = Debug|Any CPU
		{850D82AF-85E2-489D-A341-18EF409AF578}.Debug|Any CPU.Deploy.0 = Debug|Any CPU
		{850D82AF-85E2-489D-A341-18EF409AF578}.Debug|ARM.ActiveCfg = Debug|Any CPU
		{850D82AF-85E2-489D-A341-18EF409AF578}.Debug|ARM.Build.0 = Debug|Any CPU
		{850D82AF-85E2-489D-A341-18EF409AF578}.Debug|ARM.Deploy.0 = Debug|Any CPU
		{850D82AF-85E2-489D-A341-18EF409AF578}.Debug|iPhone.ActiveCfg = Debug|Any CPU
		{850D82AF-85E2-489D-A341-18EF409AF578}.Debug|iPhone.Build.0 = Debug|Any CPU
		{850D82AF-85E2-489D-A341-18EF409AF578}.Debug|iPhone.Deploy.0 = Debug|Any CPU
		{850D82AF-85E2-489D-A341-18EF409AF578}.Debug|iPhoneSimulator.ActiveCfg = Debug|Any CPU
		{850D82AF-85E2-489D-A341-18EF409AF578}.Debug|iPhoneSimulator.Build.0 = Debug|Any CPU
		{850D82AF-85E2-489D-A341-18EF409AF578}.Debug|iPhoneSimulator.Deploy.0 = Debug|Any CPU
		{850D82AF-85E2-489D-A341-18EF409AF578}.Debug|x64.ActiveCfg = Debug|Any CPU
		{850D82AF-85E2-489D-A341-18EF409AF578}.Debug|x64.Build.0 = Debug|Any CPU
		{850D82AF-85E2-489D-A341-18EF409AF578}.Debug|x64.Deploy.0 = Debug|Any CPU
		{850D82AF-85E2-489D-A341-18EF409AF578}.Debug|x86.ActiveCfg = Debug|Any CPU
		{850D82AF-85E2-489D-A341-18EF409AF578}.Debug|x86.Build.0 = Debug|Any CPU
		{850D82AF-85E2-489D-A341-18EF409AF578}.Debug|x86.Deploy.0 = Debug|Any CPU
		{850D82AF-85E2-489D-A341-18EF409AF578}.Release|Any CPU.ActiveCfg = Release|Any CPU
		{850D82AF-85E2-489D-A341-18EF409AF578}.Release|Any CPU.Build.0 = Release|Any CPU
		{850D82AF-85E2-489D-A341-18EF409AF578}.Release|Any CPU.Deploy.0 = Release|Any CPU
		{850D82AF-85E2-489D-A341-18EF409AF578}.Release|ARM.ActiveCfg = Release|Any CPU
		{850D82AF-85E2-489D-A341-18EF409AF578}.Release|ARM.Build.0 = Release|Any CPU
		{850D82AF-85E2-489D-A341-18EF409AF578}.Release|ARM.Deploy.0 = Release|Any CPU
		{850D82AF-85E2-489D-A341-18EF409AF578}.Release|iPhone.ActiveCfg = Release|Any CPU
		{850D82AF-85E2-489D-A341-18EF409AF578}.Release|iPhone.Build.0 = Release|Any CPU
		{850D82AF-85E2-489D-A341-18EF409AF578}.Release|iPhone.Deploy.0 = Release|Any CPU
		{850D82AF-85E2-489D-A341-18EF409AF578}.Release|iPhoneSimulator.ActiveCfg = Release|Any CPU
		{850D82AF-85E2-489D-A341-18EF409AF578}.Release|iPhoneSimulator.Build.0 = Release|Any CPU
		{850D82AF-85E2-489D-A341-18EF409AF578}.Release|iPhoneSimulator.Deploy.0 = Release|Any CPU
		{850D82AF-85E2-489D-A341-18EF409AF578}.Release|x64.ActiveCfg = Release|Any CPU
		{850D82AF-85E2-489D-A341-18EF409AF578}.Release|x64.Build.0 = Release|Any CPU
		{850D82AF-85E2-489D-A341-18EF409AF578}.Release|x64.Deploy.0 = Release|Any CPU
		{850D82AF-85E2-489D-A341-18EF409AF578}.Release|x86.ActiveCfg = Release|Any CPU
		{850D82AF-85E2-489D-A341-18EF409AF578}.Release|x86.Build.0 = Release|Any CPU
		{850D82AF-85E2-489D-A341-18EF409AF578}.Release|x86.Deploy.0 = Release|Any CPU
		{B469CDBD-8A38-4EB7-B1CE-A0B20D1388B9}.Ad-Hoc|Any CPU.ActiveCfg = Ad-Hoc|iPhone
		{B469CDBD-8A38-4EB7-B1CE-A0B20D1388B9}.Ad-Hoc|ARM.ActiveCfg = Ad-Hoc|iPhone
		{B469CDBD-8A38-4EB7-B1CE-A0B20D1388B9}.Ad-Hoc|iPhone.ActiveCfg = Ad-Hoc|iPhone
		{B469CDBD-8A38-4EB7-B1CE-A0B20D1388B9}.Ad-Hoc|iPhone.Build.0 = Ad-Hoc|iPhone
		{B469CDBD-8A38-4EB7-B1CE-A0B20D1388B9}.Ad-Hoc|iPhoneSimulator.ActiveCfg = Ad-Hoc|iPhoneSimulator
		{B469CDBD-8A38-4EB7-B1CE-A0B20D1388B9}.Ad-Hoc|iPhoneSimulator.Build.0 = Ad-Hoc|iPhoneSimulator
		{B469CDBD-8A38-4EB7-B1CE-A0B20D1388B9}.Ad-Hoc|x64.ActiveCfg = Ad-Hoc|iPhone
		{B469CDBD-8A38-4EB7-B1CE-A0B20D1388B9}.Ad-Hoc|x86.ActiveCfg = Ad-Hoc|iPhone
		{B469CDBD-8A38-4EB7-B1CE-A0B20D1388B9}.AppStore|Any CPU.ActiveCfg = AppStore|iPhone
		{B469CDBD-8A38-4EB7-B1CE-A0B20D1388B9}.AppStore|ARM.ActiveCfg = AppStore|iPhone
		{B469CDBD-8A38-4EB7-B1CE-A0B20D1388B9}.AppStore|iPhone.ActiveCfg = AppStore|iPhone
		{B469CDBD-8A38-4EB7-B1CE-A0B20D1388B9}.AppStore|iPhone.Build.0 = AppStore|iPhone
		{B469CDBD-8A38-4EB7-B1CE-A0B20D1388B9}.AppStore|iPhoneSimulator.ActiveCfg = AppStore|iPhoneSimulator
		{B469CDBD-8A38-4EB7-B1CE-A0B20D1388B9}.AppStore|iPhoneSimulator.Build.0 = AppStore|iPhoneSimulator
		{B469CDBD-8A38-4EB7-B1CE-A0B20D1388B9}.AppStore|x64.ActiveCfg = AppStore|iPhone
		{B469CDBD-8A38-4EB7-B1CE-A0B20D1388B9}.AppStore|x86.ActiveCfg = AppStore|iPhone
		{B469CDBD-8A38-4EB7-B1CE-A0B20D1388B9}.Debug|Any CPU.ActiveCfg = Debug|iPhone
		{B469CDBD-8A38-4EB7-B1CE-A0B20D1388B9}.Debug|ARM.ActiveCfg = Debug|iPhone
		{B469CDBD-8A38-4EB7-B1CE-A0B20D1388B9}.Debug|iPhone.ActiveCfg = Debug|iPhone
		{B469CDBD-8A38-4EB7-B1CE-A0B20D1388B9}.Debug|iPhone.Build.0 = Debug|iPhone
		{B469CDBD-8A38-4EB7-B1CE-A0B20D1388B9}.Debug|iPhoneSimulator.ActiveCfg = Debug|iPhoneSimulator
		{B469CDBD-8A38-4EB7-B1CE-A0B20D1388B9}.Debug|iPhoneSimulator.Build.0 = Debug|iPhoneSimulator
		{B469CDBD-8A38-4EB7-B1CE-A0B20D1388B9}.Debug|x64.ActiveCfg = Debug|iPhone
		{B469CDBD-8A38-4EB7-B1CE-A0B20D1388B9}.Debug|x86.ActiveCfg = Debug|iPhone
		{B469CDBD-8A38-4EB7-B1CE-A0B20D1388B9}.Release|Any CPU.ActiveCfg = Release|iPhone
		{B469CDBD-8A38-4EB7-B1CE-A0B20D1388B9}.Release|ARM.ActiveCfg = Release|iPhone
		{B469CDBD-8A38-4EB7-B1CE-A0B20D1388B9}.Release|iPhone.ActiveCfg = Release|iPhone
		{B469CDBD-8A38-4EB7-B1CE-A0B20D1388B9}.Release|iPhone.Build.0 = Release|iPhone
		{B469CDBD-8A38-4EB7-B1CE-A0B20D1388B9}.Release|iPhoneSimulator.ActiveCfg = Release|iPhoneSimulator
		{B469CDBD-8A38-4EB7-B1CE-A0B20D1388B9}.Release|iPhoneSimulator.Build.0 = Release|iPhoneSimulator
		{B469CDBD-8A38-4EB7-B1CE-A0B20D1388B9}.Release|x64.ActiveCfg = Release|iPhone
		{B469CDBD-8A38-4EB7-B1CE-A0B20D1388B9}.Release|x86.ActiveCfg = Release|iPhone
		{6AB7B63F-D69A-432B-B9CF-A8C1C6FC8054}.Ad-Hoc|Any CPU.ActiveCfg = Release|Any CPU
		{6AB7B63F-D69A-432B-B9CF-A8C1C6FC8054}.Ad-Hoc|Any CPU.Build.0 = Release|Any CPU
		{6AB7B63F-D69A-432B-B9CF-A8C1C6FC8054}.Ad-Hoc|Any CPU.Deploy.0 = Release|Any CPU
		{6AB7B63F-D69A-432B-B9CF-A8C1C6FC8054}.Ad-Hoc|ARM.ActiveCfg = Release|ARM
		{6AB7B63F-D69A-432B-B9CF-A8C1C6FC8054}.Ad-Hoc|ARM.Build.0 = Release|ARM
		{6AB7B63F-D69A-432B-B9CF-A8C1C6FC8054}.Ad-Hoc|ARM.Deploy.0 = Release|ARM
		{6AB7B63F-D69A-432B-B9CF-A8C1C6FC8054}.Ad-Hoc|iPhone.ActiveCfg = Release|Any CPU
		{6AB7B63F-D69A-432B-B9CF-A8C1C6FC8054}.Ad-Hoc|iPhone.Build.0 = Release|Any CPU
		{6AB7B63F-D69A-432B-B9CF-A8C1C6FC8054}.Ad-Hoc|iPhone.Deploy.0 = Release|Any CPU
		{6AB7B63F-D69A-432B-B9CF-A8C1C6FC8054}.Ad-Hoc|iPhoneSimulator.ActiveCfg = Release|Any CPU
		{6AB7B63F-D69A-432B-B9CF-A8C1C6FC8054}.Ad-Hoc|iPhoneSimulator.Build.0 = Release|Any CPU
		{6AB7B63F-D69A-432B-B9CF-A8C1C6FC8054}.Ad-Hoc|iPhoneSimulator.Deploy.0 = Release|Any CPU
		{6AB7B63F-D69A-432B-B9CF-A8C1C6FC8054}.Ad-Hoc|x64.ActiveCfg = Release|Any CPU
		{6AB7B63F-D69A-432B-B9CF-A8C1C6FC8054}.Ad-Hoc|x64.Build.0 = Release|Any CPU
		{6AB7B63F-D69A-432B-B9CF-A8C1C6FC8054}.Ad-Hoc|x64.Deploy.0 = Release|Any CPU
		{6AB7B63F-D69A-432B-B9CF-A8C1C6FC8054}.Ad-Hoc|x86.ActiveCfg = Release|x86
		{6AB7B63F-D69A-432B-B9CF-A8C1C6FC8054}.Ad-Hoc|x86.Build.0 = Release|x86
		{6AB7B63F-D69A-432B-B9CF-A8C1C6FC8054}.Ad-Hoc|x86.Deploy.0 = Release|x86
		{6AB7B63F-D69A-432B-B9CF-A8C1C6FC8054}.AppStore|Any CPU.ActiveCfg = Release|Any CPU
		{6AB7B63F-D69A-432B-B9CF-A8C1C6FC8054}.AppStore|Any CPU.Build.0 = Release|Any CPU
		{6AB7B63F-D69A-432B-B9CF-A8C1C6FC8054}.AppStore|Any CPU.Deploy.0 = Release|Any CPU
		{6AB7B63F-D69A-432B-B9CF-A8C1C6FC8054}.AppStore|ARM.ActiveCfg = Release|ARM
		{6AB7B63F-D69A-432B-B9CF-A8C1C6FC8054}.AppStore|ARM.Build.0 = Release|ARM
		{6AB7B63F-D69A-432B-B9CF-A8C1C6FC8054}.AppStore|ARM.Deploy.0 = Release|ARM
		{6AB7B63F-D69A-432B-B9CF-A8C1C6FC8054}.AppStore|iPhone.ActiveCfg = Release|Any CPU
		{6AB7B63F-D69A-432B-B9CF-A8C1C6FC8054}.AppStore|iPhone.Build.0 = Release|Any CPU
		{6AB7B63F-D69A-432B-B9CF-A8C1C6FC8054}.AppStore|iPhone.Deploy.0 = Release|Any CPU
		{6AB7B63F-D69A-432B-B9CF-A8C1C6FC8054}.AppStore|iPhoneSimulator.ActiveCfg = Release|Any CPU
		{6AB7B63F-D69A-432B-B9CF-A8C1C6FC8054}.AppStore|iPhoneSimulator.Build.0 = Release|Any CPU
		{6AB7B63F-D69A-432B-B9CF-A8C1C6FC8054}.AppStore|iPhoneSimulator.Deploy.0 = Release|Any CPU
		{6AB7B63F-D69A-432B-B9CF-A8C1C6FC8054}.AppStore|x64.ActiveCfg = Release|Any CPU
		{6AB7B63F-D69A-432B-B9CF-A8C1C6FC8054}.AppStore|x64.Build.0 = Release|Any CPU
		{6AB7B63F-D69A-432B-B9CF-A8C1C6FC8054}.AppStore|x64.Deploy.0 = Release|Any CPU
		{6AB7B63F-D69A-432B-B9CF-A8C1C6FC8054}.AppStore|x86.ActiveCfg = Release|x86
		{6AB7B63F-D69A-432B-B9CF-A8C1C6FC8054}.AppStore|x86.Build.0 = Release|x86
		{6AB7B63F-D69A-432B-B9CF-A8C1C6FC8054}.AppStore|x86.Deploy.0 = Release|x86
		{6AB7B63F-D69A-432B-B9CF-A8C1C6FC8054}.Debug|Any CPU.ActiveCfg = Debug|Any CPU
		{6AB7B63F-D69A-432B-B9CF-A8C1C6FC8054}.Debug|Any CPU.Build.0 = Debug|Any CPU
		{6AB7B63F-D69A-432B-B9CF-A8C1C6FC8054}.Debug|Any CPU.Deploy.0 = Debug|Any CPU
		{6AB7B63F-D69A-432B-B9CF-A8C1C6FC8054}.Debug|ARM.ActiveCfg = Debug|ARM
		{6AB7B63F-D69A-432B-B9CF-A8C1C6FC8054}.Debug|ARM.Build.0 = Debug|ARM
		{6AB7B63F-D69A-432B-B9CF-A8C1C6FC8054}.Debug|ARM.Deploy.0 = Debug|ARM
		{6AB7B63F-D69A-432B-B9CF-A8C1C6FC8054}.Debug|iPhone.ActiveCfg = Debug|Any CPU
		{6AB7B63F-D69A-432B-B9CF-A8C1C6FC8054}.Debug|iPhone.Build.0 = Debug|Any CPU
		{6AB7B63F-D69A-432B-B9CF-A8C1C6FC8054}.Debug|iPhone.Deploy.0 = Debug|Any CPU
		{6AB7B63F-D69A-432B-B9CF-A8C1C6FC8054}.Debug|iPhoneSimulator.ActiveCfg = Debug|Any CPU
		{6AB7B63F-D69A-432B-B9CF-A8C1C6FC8054}.Debug|iPhoneSimulator.Build.0 = Debug|Any CPU
		{6AB7B63F-D69A-432B-B9CF-A8C1C6FC8054}.Debug|iPhoneSimulator.Deploy.0 = Debug|Any CPU
		{6AB7B63F-D69A-432B-B9CF-A8C1C6FC8054}.Debug|x64.ActiveCfg = Debug|Any CPU
		{6AB7B63F-D69A-432B-B9CF-A8C1C6FC8054}.Debug|x64.Build.0 = Debug|Any CPU
		{6AB7B63F-D69A-432B-B9CF-A8C1C6FC8054}.Debug|x64.Deploy.0 = Debug|Any CPU
		{6AB7B63F-D69A-432B-B9CF-A8C1C6FC8054}.Debug|x86.ActiveCfg = Debug|x86
		{6AB7B63F-D69A-432B-B9CF-A8C1C6FC8054}.Debug|x86.Build.0 = Debug|x86
		{6AB7B63F-D69A-432B-B9CF-A8C1C6FC8054}.Debug|x86.Deploy.0 = Debug|x86
		{6AB7B63F-D69A-432B-B9CF-A8C1C6FC8054}.Release|Any CPU.ActiveCfg = Release|Any CPU
		{6AB7B63F-D69A-432B-B9CF-A8C1C6FC8054}.Release|Any CPU.Build.0 = Release|Any CPU
		{6AB7B63F-D69A-432B-B9CF-A8C1C6FC8054}.Release|Any CPU.Deploy.0 = Release|Any CPU
		{6AB7B63F-D69A-432B-B9CF-A8C1C6FC8054}.Release|ARM.ActiveCfg = Release|ARM
		{6AB7B63F-D69A-432B-B9CF-A8C1C6FC8054}.Release|ARM.Build.0 = Release|ARM
		{6AB7B63F-D69A-432B-B9CF-A8C1C6FC8054}.Release|ARM.Deploy.0 = Release|ARM
		{6AB7B63F-D69A-432B-B9CF-A8C1C6FC8054}.Release|iPhone.ActiveCfg = Release|Any CPU
		{6AB7B63F-D69A-432B-B9CF-A8C1C6FC8054}.Release|iPhone.Build.0 = Release|Any CPU
		{6AB7B63F-D69A-432B-B9CF-A8C1C6FC8054}.Release|iPhone.Deploy.0 = Release|Any CPU
		{6AB7B63F-D69A-432B-B9CF-A8C1C6FC8054}.Release|iPhoneSimulator.ActiveCfg = Release|Any CPU
		{6AB7B63F-D69A-432B-B9CF-A8C1C6FC8054}.Release|iPhoneSimulator.Build.0 = Release|Any CPU
		{6AB7B63F-D69A-432B-B9CF-A8C1C6FC8054}.Release|iPhoneSimulator.Deploy.0 = Release|Any CPU
		{6AB7B63F-D69A-432B-B9CF-A8C1C6FC8054}.Release|x64.ActiveCfg = Release|Any CPU
		{6AB7B63F-D69A-432B-B9CF-A8C1C6FC8054}.Release|x64.Build.0 = Release|Any CPU
		{6AB7B63F-D69A-432B-B9CF-A8C1C6FC8054}.Release|x64.Deploy.0 = Release|Any CPU
		{6AB7B63F-D69A-432B-B9CF-A8C1C6FC8054}.Release|x86.ActiveCfg = Release|x86
		{6AB7B63F-D69A-432B-B9CF-A8C1C6FC8054}.Release|x86.Build.0 = Release|x86
		{6AB7B63F-D69A-432B-B9CF-A8C1C6FC8054}.Release|x86.Deploy.0 = Release|x86
		{36A1A136-1ABD-4554-AD27-57D603C1D384}.Ad-Hoc|Any CPU.ActiveCfg = Release|x86
		{36A1A136-1ABD-4554-AD27-57D603C1D384}.Ad-Hoc|Any CPU.Build.0 = Release|x86
		{36A1A136-1ABD-4554-AD27-57D603C1D384}.Ad-Hoc|Any CPU.Deploy.0 = Release|x86
		{36A1A136-1ABD-4554-AD27-57D603C1D384}.Ad-Hoc|ARM.ActiveCfg = Release|ARM
		{36A1A136-1ABD-4554-AD27-57D603C1D384}.Ad-Hoc|ARM.Build.0 = Release|ARM
		{36A1A136-1ABD-4554-AD27-57D603C1D384}.Ad-Hoc|ARM.Deploy.0 = Release|ARM
		{36A1A136-1ABD-4554-AD27-57D603C1D384}.Ad-Hoc|iPhone.ActiveCfg = Release|x86
		{36A1A136-1ABD-4554-AD27-57D603C1D384}.Ad-Hoc|iPhone.Build.0 = Release|x86
		{36A1A136-1ABD-4554-AD27-57D603C1D384}.Ad-Hoc|iPhone.Deploy.0 = Release|x86
		{36A1A136-1ABD-4554-AD27-57D603C1D384}.Ad-Hoc|iPhoneSimulator.ActiveCfg = Release|x86
		{36A1A136-1ABD-4554-AD27-57D603C1D384}.Ad-Hoc|iPhoneSimulator.Build.0 = Release|x86
		{36A1A136-1ABD-4554-AD27-57D603C1D384}.Ad-Hoc|iPhoneSimulator.Deploy.0 = Release|x86
		{36A1A136-1ABD-4554-AD27-57D603C1D384}.Ad-Hoc|x64.ActiveCfg = Release|x64
		{36A1A136-1ABD-4554-AD27-57D603C1D384}.Ad-Hoc|x64.Build.0 = Release|x64
		{36A1A136-1ABD-4554-AD27-57D603C1D384}.Ad-Hoc|x64.Deploy.0 = Release|x64
		{36A1A136-1ABD-4554-AD27-57D603C1D384}.Ad-Hoc|x86.ActiveCfg = Release|x86
		{36A1A136-1ABD-4554-AD27-57D603C1D384}.Ad-Hoc|x86.Build.0 = Release|x86
		{36A1A136-1ABD-4554-AD27-57D603C1D384}.Ad-Hoc|x86.Deploy.0 = Release|x86
		{36A1A136-1ABD-4554-AD27-57D603C1D384}.AppStore|Any CPU.ActiveCfg = Release|x86
		{36A1A136-1ABD-4554-AD27-57D603C1D384}.AppStore|Any CPU.Build.0 = Release|x86
		{36A1A136-1ABD-4554-AD27-57D603C1D384}.AppStore|Any CPU.Deploy.0 = Release|x86
		{36A1A136-1ABD-4554-AD27-57D603C1D384}.AppStore|ARM.ActiveCfg = Release|ARM
		{36A1A136-1ABD-4554-AD27-57D603C1D384}.AppStore|ARM.Build.0 = Release|ARM
		{36A1A136-1ABD-4554-AD27-57D603C1D384}.AppStore|ARM.Deploy.0 = Release|ARM
		{36A1A136-1ABD-4554-AD27-57D603C1D384}.AppStore|iPhone.ActiveCfg = Release|x86
		{36A1A136-1ABD-4554-AD27-57D603C1D384}.AppStore|iPhone.Build.0 = Release|x86
		{36A1A136-1ABD-4554-AD27-57D603C1D384}.AppStore|iPhone.Deploy.0 = Release|x86
		{36A1A136-1ABD-4554-AD27-57D603C1D384}.AppStore|iPhoneSimulator.ActiveCfg = Release|x86
		{36A1A136-1ABD-4554-AD27-57D603C1D384}.AppStore|iPhoneSimulator.Build.0 = Release|x86
		{36A1A136-1ABD-4554-AD27-57D603C1D384}.AppStore|iPhoneSimulator.Deploy.0 = Release|x86
		{36A1A136-1ABD-4554-AD27-57D603C1D384}.AppStore|x64.ActiveCfg = Release|x64
		{36A1A136-1ABD-4554-AD27-57D603C1D384}.AppStore|x64.Build.0 = Release|x64
		{36A1A136-1ABD-4554-AD27-57D603C1D384}.AppStore|x64.Deploy.0 = Release|x64
		{36A1A136-1ABD-4554-AD27-57D603C1D384}.AppStore|x86.ActiveCfg = Release|x86
		{36A1A136-1ABD-4554-AD27-57D603C1D384}.AppStore|x86.Build.0 = Release|x86
		{36A1A136-1ABD-4554-AD27-57D603C1D384}.AppStore|x86.Deploy.0 = Release|x86
		{36A1A136-1ABD-4554-AD27-57D603C1D384}.Debug|Any CPU.ActiveCfg = Debug|x86
		{36A1A136-1ABD-4554-AD27-57D603C1D384}.Debug|ARM.ActiveCfg = Debug|ARM
		{36A1A136-1ABD-4554-AD27-57D603C1D384}.Debug|ARM.Build.0 = Debug|ARM
		{36A1A136-1ABD-4554-AD27-57D603C1D384}.Debug|ARM.Deploy.0 = Debug|ARM
		{36A1A136-1ABD-4554-AD27-57D603C1D384}.Debug|iPhone.ActiveCfg = Debug|x86
		{36A1A136-1ABD-4554-AD27-57D603C1D384}.Debug|iPhoneSimulator.ActiveCfg = Debug|x86
		{36A1A136-1ABD-4554-AD27-57D603C1D384}.Debug|x64.ActiveCfg = Debug|x64
		{36A1A136-1ABD-4554-AD27-57D603C1D384}.Debug|x64.Build.0 = Debug|x64
		{36A1A136-1ABD-4554-AD27-57D603C1D384}.Debug|x64.Deploy.0 = Debug|x64
		{36A1A136-1ABD-4554-AD27-57D603C1D384}.Debug|x86.ActiveCfg = Debug|x86
		{36A1A136-1ABD-4554-AD27-57D603C1D384}.Debug|x86.Build.0 = Debug|x86
		{36A1A136-1ABD-4554-AD27-57D603C1D384}.Debug|x86.Deploy.0 = Debug|x86
		{36A1A136-1ABD-4554-AD27-57D603C1D384}.Release|Any CPU.ActiveCfg = Release|x86
		{36A1A136-1ABD-4554-AD27-57D603C1D384}.Release|ARM.ActiveCfg = Release|ARM
		{36A1A136-1ABD-4554-AD27-57D603C1D384}.Release|ARM.Build.0 = Release|ARM
		{36A1A136-1ABD-4554-AD27-57D603C1D384}.Release|ARM.Deploy.0 = Release|ARM
		{36A1A136-1ABD-4554-AD27-57D603C1D384}.Release|iPhone.ActiveCfg = Release|x86
		{36A1A136-1ABD-4554-AD27-57D603C1D384}.Release|iPhoneSimulator.ActiveCfg = Release|x86
		{36A1A136-1ABD-4554-AD27-57D603C1D384}.Release|x64.ActiveCfg = Release|x64
		{36A1A136-1ABD-4554-AD27-57D603C1D384}.Release|x64.Build.0 = Release|x64
		{36A1A136-1ABD-4554-AD27-57D603C1D384}.Release|x64.Deploy.0 = Release|x64
		{36A1A136-1ABD-4554-AD27-57D603C1D384}.Release|x86.ActiveCfg = Release|x86
		{36A1A136-1ABD-4554-AD27-57D603C1D384}.Release|x86.Build.0 = Release|x86
		{36A1A136-1ABD-4554-AD27-57D603C1D384}.Release|x86.Deploy.0 = Release|x86
		{AD11753E-FC05-4D75-98A7-A49516392437}.Ad-Hoc|Any CPU.ActiveCfg = Release|Any CPU
		{AD11753E-FC05-4D75-98A7-A49516392437}.Ad-Hoc|Any CPU.Build.0 = Release|Any CPU
		{AD11753E-FC05-4D75-98A7-A49516392437}.Ad-Hoc|Any CPU.Deploy.0 = Release|Any CPU
		{AD11753E-FC05-4D75-98A7-A49516392437}.Ad-Hoc|ARM.ActiveCfg = Release|ARM
		{AD11753E-FC05-4D75-98A7-A49516392437}.Ad-Hoc|ARM.Build.0 = Release|ARM
		{AD11753E-FC05-4D75-98A7-A49516392437}.Ad-Hoc|ARM.Deploy.0 = Release|ARM
		{AD11753E-FC05-4D75-98A7-A49516392437}.Ad-Hoc|iPhone.ActiveCfg = Release|Any CPU
		{AD11753E-FC05-4D75-98A7-A49516392437}.Ad-Hoc|iPhone.Build.0 = Release|Any CPU
		{AD11753E-FC05-4D75-98A7-A49516392437}.Ad-Hoc|iPhone.Deploy.0 = Release|Any CPU
		{AD11753E-FC05-4D75-98A7-A49516392437}.Ad-Hoc|iPhoneSimulator.ActiveCfg = Release|Any CPU
		{AD11753E-FC05-4D75-98A7-A49516392437}.Ad-Hoc|iPhoneSimulator.Build.0 = Release|Any CPU
		{AD11753E-FC05-4D75-98A7-A49516392437}.Ad-Hoc|iPhoneSimulator.Deploy.0 = Release|Any CPU
		{AD11753E-FC05-4D75-98A7-A49516392437}.Ad-Hoc|x64.ActiveCfg = Release|x64
		{AD11753E-FC05-4D75-98A7-A49516392437}.Ad-Hoc|x64.Build.0 = Release|x64
		{AD11753E-FC05-4D75-98A7-A49516392437}.Ad-Hoc|x64.Deploy.0 = Release|x64
		{AD11753E-FC05-4D75-98A7-A49516392437}.Ad-Hoc|x86.ActiveCfg = Release|x86
		{AD11753E-FC05-4D75-98A7-A49516392437}.Ad-Hoc|x86.Build.0 = Release|x86
		{AD11753E-FC05-4D75-98A7-A49516392437}.Ad-Hoc|x86.Deploy.0 = Release|x86
		{AD11753E-FC05-4D75-98A7-A49516392437}.AppStore|Any CPU.ActiveCfg = Release|Any CPU
		{AD11753E-FC05-4D75-98A7-A49516392437}.AppStore|Any CPU.Build.0 = Release|Any CPU
		{AD11753E-FC05-4D75-98A7-A49516392437}.AppStore|Any CPU.Deploy.0 = Release|Any CPU
		{AD11753E-FC05-4D75-98A7-A49516392437}.AppStore|ARM.ActiveCfg = Release|ARM
		{AD11753E-FC05-4D75-98A7-A49516392437}.AppStore|ARM.Build.0 = Release|ARM
		{AD11753E-FC05-4D75-98A7-A49516392437}.AppStore|ARM.Deploy.0 = Release|ARM
		{AD11753E-FC05-4D75-98A7-A49516392437}.AppStore|iPhone.ActiveCfg = Release|Any CPU
		{AD11753E-FC05-4D75-98A7-A49516392437}.AppStore|iPhone.Build.0 = Release|Any CPU
		{AD11753E-FC05-4D75-98A7-A49516392437}.AppStore|iPhone.Deploy.0 = Release|Any CPU
		{AD11753E-FC05-4D75-98A7-A49516392437}.AppStore|iPhoneSimulator.ActiveCfg = Release|Any CPU
		{AD11753E-FC05-4D75-98A7-A49516392437}.AppStore|iPhoneSimulator.Build.0 = Release|Any CPU
		{AD11753E-FC05-4D75-98A7-A49516392437}.AppStore|iPhoneSimulator.Deploy.0 = Release|Any CPU
		{AD11753E-FC05-4D75-98A7-A49516392437}.AppStore|x64.ActiveCfg = Release|x64
		{AD11753E-FC05-4D75-98A7-A49516392437}.AppStore|x64.Build.0 = Release|x64
		{AD11753E-FC05-4D75-98A7-A49516392437}.AppStore|x64.Deploy.0 = Release|x64
		{AD11753E-FC05-4D75-98A7-A49516392437}.AppStore|x86.ActiveCfg = Release|x86
		{AD11753E-FC05-4D75-98A7-A49516392437}.AppStore|x86.Build.0 = Release|x86
		{AD11753E-FC05-4D75-98A7-A49516392437}.AppStore|x86.Deploy.0 = Release|x86
		{AD11753E-FC05-4D75-98A7-A49516392437}.Debug|Any CPU.ActiveCfg = Debug|Any CPU
		{AD11753E-FC05-4D75-98A7-A49516392437}.Debug|Any CPU.Build.0 = Debug|Any CPU
		{AD11753E-FC05-4D75-98A7-A49516392437}.Debug|Any CPU.Deploy.0 = Debug|Any CPU
		{AD11753E-FC05-4D75-98A7-A49516392437}.Debug|ARM.ActiveCfg = Debug|ARM
		{AD11753E-FC05-4D75-98A7-A49516392437}.Debug|ARM.Build.0 = Debug|ARM
		{AD11753E-FC05-4D75-98A7-A49516392437}.Debug|ARM.Deploy.0 = Debug|ARM
		{AD11753E-FC05-4D75-98A7-A49516392437}.Debug|iPhone.ActiveCfg = Debug|Any CPU
		{AD11753E-FC05-4D75-98A7-A49516392437}.Debug|iPhone.Build.0 = Debug|Any CPU
		{AD11753E-FC05-4D75-98A7-A49516392437}.Debug|iPhone.Deploy.0 = Debug|Any CPU
		{AD11753E-FC05-4D75-98A7-A49516392437}.Debug|iPhoneSimulator.ActiveCfg = Debug|Any CPU
		{AD11753E-FC05-4D75-98A7-A49516392437}.Debug|iPhoneSimulator.Build.0 = Debug|Any CPU
		{AD11753E-FC05-4D75-98A7-A49516392437}.Debug|iPhoneSimulator.Deploy.0 = Debug|Any CPU
		{AD11753E-FC05-4D75-98A7-A49516392437}.Debug|x64.ActiveCfg = Debug|x64
		{AD11753E-FC05-4D75-98A7-A49516392437}.Debug|x64.Build.0 = Debug|x64
		{AD11753E-FC05-4D75-98A7-A49516392437}.Debug|x64.Deploy.0 = Debug|x64
		{AD11753E-FC05-4D75-98A7-A49516392437}.Debug|x86.ActiveCfg = Debug|x86
		{AD11753E-FC05-4D75-98A7-A49516392437}.Debug|x86.Build.0 = Debug|x86
		{AD11753E-FC05-4D75-98A7-A49516392437}.Debug|x86.Deploy.0 = Debug|x86
		{AD11753E-FC05-4D75-98A7-A49516392437}.Release|Any CPU.ActiveCfg = Release|Any CPU
		{AD11753E-FC05-4D75-98A7-A49516392437}.Release|Any CPU.Build.0 = Release|Any CPU
		{AD11753E-FC05-4D75-98A7-A49516392437}.Release|Any CPU.Deploy.0 = Release|Any CPU
		{AD11753E-FC05-4D75-98A7-A49516392437}.Release|ARM.ActiveCfg = Release|ARM
		{AD11753E-FC05-4D75-98A7-A49516392437}.Release|ARM.Build.0 = Release|ARM
		{AD11753E-FC05-4D75-98A7-A49516392437}.Release|ARM.Deploy.0 = Release|ARM
		{AD11753E-FC05-4D75-98A7-A49516392437}.Release|iPhone.ActiveCfg = Release|Any CPU
		{AD11753E-FC05-4D75-98A7-A49516392437}.Release|iPhone.Build.0 = Release|Any CPU
		{AD11753E-FC05-4D75-98A7-A49516392437}.Release|iPhone.Deploy.0 = Release|Any CPU
		{AD11753E-FC05-4D75-98A7-A49516392437}.Release|iPhoneSimulator.ActiveCfg = Release|Any CPU
		{AD11753E-FC05-4D75-98A7-A49516392437}.Release|iPhoneSimulator.Build.0 = Release|Any CPU
		{AD11753E-FC05-4D75-98A7-A49516392437}.Release|iPhoneSimulator.Deploy.0 = Release|Any CPU
		{AD11753E-FC05-4D75-98A7-A49516392437}.Release|x64.ActiveCfg = Release|x64
		{AD11753E-FC05-4D75-98A7-A49516392437}.Release|x64.Build.0 = Release|x64
		{AD11753E-FC05-4D75-98A7-A49516392437}.Release|x64.Deploy.0 = Release|x64
		{AD11753E-FC05-4D75-98A7-A49516392437}.Release|x86.ActiveCfg = Release|x86
		{AD11753E-FC05-4D75-98A7-A49516392437}.Release|x86.Build.0 = Release|x86
		{AD11753E-FC05-4D75-98A7-A49516392437}.Release|x86.Deploy.0 = Release|x86
		{0C361D50-8F7B-468E-AA7B-5267ECEEB079}.Ad-Hoc|Any CPU.ActiveCfg = Release|Any CPU
		{0C361D50-8F7B-468E-AA7B-5267ECEEB079}.Ad-Hoc|Any CPU.Build.0 = Release|Any CPU
		{0C361D50-8F7B-468E-AA7B-5267ECEEB079}.Ad-Hoc|ARM.ActiveCfg = Release|Any CPU
		{0C361D50-8F7B-468E-AA7B-5267ECEEB079}.Ad-Hoc|ARM.Build.0 = Release|Any CPU
		{0C361D50-8F7B-468E-AA7B-5267ECEEB079}.Ad-Hoc|iPhone.ActiveCfg = Release|Any CPU
		{0C361D50-8F7B-468E-AA7B-5267ECEEB079}.Ad-Hoc|iPhone.Build.0 = Release|Any CPU
		{0C361D50-8F7B-468E-AA7B-5267ECEEB079}.Ad-Hoc|iPhoneSimulator.ActiveCfg = Release|Any CPU
		{0C361D50-8F7B-468E-AA7B-5267ECEEB079}.Ad-Hoc|iPhoneSimulator.Build.0 = Release|Any CPU
		{0C361D50-8F7B-468E-AA7B-5267ECEEB079}.Ad-Hoc|x64.ActiveCfg = Release|Any CPU
		{0C361D50-8F7B-468E-AA7B-5267ECEEB079}.Ad-Hoc|x64.Build.0 = Release|Any CPU
		{0C361D50-8F7B-468E-AA7B-5267ECEEB079}.Ad-Hoc|x86.ActiveCfg = Release|Any CPU
		{0C361D50-8F7B-468E-AA7B-5267ECEEB079}.Ad-Hoc|x86.Build.0 = Release|Any CPU
		{0C361D50-8F7B-468E-AA7B-5267ECEEB079}.AppStore|Any CPU.ActiveCfg = Release|Any CPU
		{0C361D50-8F7B-468E-AA7B-5267ECEEB079}.AppStore|Any CPU.Build.0 = Release|Any CPU
		{0C361D50-8F7B-468E-AA7B-5267ECEEB079}.AppStore|ARM.ActiveCfg = Release|Any CPU
		{0C361D50-8F7B-468E-AA7B-5267ECEEB079}.AppStore|ARM.Build.0 = Release|Any CPU
		{0C361D50-8F7B-468E-AA7B-5267ECEEB079}.AppStore|iPhone.ActiveCfg = Release|Any CPU
		{0C361D50-8F7B-468E-AA7B-5267ECEEB079}.AppStore|iPhone.Build.0 = Release|Any CPU
		{0C361D50-8F7B-468E-AA7B-5267ECEEB079}.AppStore|iPhoneSimulator.ActiveCfg = Release|Any CPU
		{0C361D50-8F7B-468E-AA7B-5267ECEEB079}.AppStore|iPhoneSimulator.Build.0 = Release|Any CPU
		{0C361D50-8F7B-468E-AA7B-5267ECEEB079}.AppStore|x64.ActiveCfg = Release|Any CPU
		{0C361D50-8F7B-468E-AA7B-5267ECEEB079}.AppStore|x64.Build.0 = Release|Any CPU
		{0C361D50-8F7B-468E-AA7B-5267ECEEB079}.AppStore|x86.ActiveCfg = Release|Any CPU
		{0C361D50-8F7B-468E-AA7B-5267ECEEB079}.AppStore|x86.Build.0 = Release|Any CPU
		{0C361D50-8F7B-468E-AA7B-5267ECEEB079}.Debug|Any CPU.ActiveCfg = Debug|Any CPU
		{0C361D50-8F7B-468E-AA7B-5267ECEEB079}.Debug|Any CPU.Build.0 = Debug|Any CPU
		{0C361D50-8F7B-468E-AA7B-5267ECEEB079}.Debug|ARM.ActiveCfg = Debug|Any CPU
		{0C361D50-8F7B-468E-AA7B-5267ECEEB079}.Debug|ARM.Build.0 = Debug|Any CPU
		{0C361D50-8F7B-468E-AA7B-5267ECEEB079}.Debug|iPhone.ActiveCfg = Debug|Any CPU
		{0C361D50-8F7B-468E-AA7B-5267ECEEB079}.Debug|iPhone.Build.0 = Debug|Any CPU
		{0C361D50-8F7B-468E-AA7B-5267ECEEB079}.Debug|iPhoneSimulator.ActiveCfg = Debug|Any CPU
		{0C361D50-8F7B-468E-AA7B-5267ECEEB079}.Debug|iPhoneSimulator.Build.0 = Debug|Any CPU
		{0C361D50-8F7B-468E-AA7B-5267ECEEB079}.Debug|x64.ActiveCfg = Debug|Any CPU
		{0C361D50-8F7B-468E-AA7B-5267ECEEB079}.Debug|x64.Build.0 = Debug|Any CPU
		{0C361D50-8F7B-468E-AA7B-5267ECEEB079}.Debug|x86.ActiveCfg = Debug|Any CPU
		{0C361D50-8F7B-468E-AA7B-5267ECEEB079}.Debug|x86.Build.0 = Debug|Any CPU
		{0C361D50-8F7B-468E-AA7B-5267ECEEB079}.Release|Any CPU.ActiveCfg = Release|Any CPU
		{0C361D50-8F7B-468E-AA7B-5267ECEEB079}.Release|Any CPU.Build.0 = Release|Any CPU
		{0C361D50-8F7B-468E-AA7B-5267ECEEB079}.Release|ARM.ActiveCfg = Release|Any CPU
		{0C361D50-8F7B-468E-AA7B-5267ECEEB079}.Release|ARM.Build.0 = Release|Any CPU
		{0C361D50-8F7B-468E-AA7B-5267ECEEB079}.Release|iPhone.ActiveCfg = Release|Any CPU
		{0C361D50-8F7B-468E-AA7B-5267ECEEB079}.Release|iPhone.Build.0 = Release|Any CPU
		{0C361D50-8F7B-468E-AA7B-5267ECEEB079}.Release|iPhoneSimulator.ActiveCfg = Release|Any CPU
		{0C361D50-8F7B-468E-AA7B-5267ECEEB079}.Release|iPhoneSimulator.Build.0 = Release|Any CPU
		{0C361D50-8F7B-468E-AA7B-5267ECEEB079}.Release|x64.ActiveCfg = Release|Any CPU
		{0C361D50-8F7B-468E-AA7B-5267ECEEB079}.Release|x64.Build.0 = Release|Any CPU
		{0C361D50-8F7B-468E-AA7B-5267ECEEB079}.Release|x86.ActiveCfg = Release|Any CPU
		{0C361D50-8F7B-468E-AA7B-5267ECEEB079}.Release|x86.Build.0 = Release|Any CPU
		{1DE7B2EC-D696-47B3-9395-F7067E2C5D89}.Ad-Hoc|Any CPU.ActiveCfg = Release|Any CPU
		{1DE7B2EC-D696-47B3-9395-F7067E2C5D89}.Ad-Hoc|Any CPU.Build.0 = Release|Any CPU
		{1DE7B2EC-D696-47B3-9395-F7067E2C5D89}.Ad-Hoc|Any CPU.Deploy.0 = Release|Any CPU
		{1DE7B2EC-D696-47B3-9395-F7067E2C5D89}.Ad-Hoc|ARM.ActiveCfg = Release|Any CPU
		{1DE7B2EC-D696-47B3-9395-F7067E2C5D89}.Ad-Hoc|ARM.Build.0 = Release|Any CPU
		{1DE7B2EC-D696-47B3-9395-F7067E2C5D89}.Ad-Hoc|ARM.Deploy.0 = Release|Any CPU
		{1DE7B2EC-D696-47B3-9395-F7067E2C5D89}.Ad-Hoc|iPhone.ActiveCfg = Release|Any CPU
		{1DE7B2EC-D696-47B3-9395-F7067E2C5D89}.Ad-Hoc|iPhone.Build.0 = Release|Any CPU
		{1DE7B2EC-D696-47B3-9395-F7067E2C5D89}.Ad-Hoc|iPhone.Deploy.0 = Release|Any CPU
		{1DE7B2EC-D696-47B3-9395-F7067E2C5D89}.Ad-Hoc|iPhoneSimulator.ActiveCfg = Release|Any CPU
		{1DE7B2EC-D696-47B3-9395-F7067E2C5D89}.Ad-Hoc|iPhoneSimulator.Build.0 = Release|Any CPU
		{1DE7B2EC-D696-47B3-9395-F7067E2C5D89}.Ad-Hoc|iPhoneSimulator.Deploy.0 = Release|Any CPU
		{1DE7B2EC-D696-47B3-9395-F7067E2C5D89}.Ad-Hoc|x64.ActiveCfg = Release|Any CPU
		{1DE7B2EC-D696-47B3-9395-F7067E2C5D89}.Ad-Hoc|x64.Build.0 = Release|Any CPU
		{1DE7B2EC-D696-47B3-9395-F7067E2C5D89}.Ad-Hoc|x64.Deploy.0 = Release|Any CPU
		{1DE7B2EC-D696-47B3-9395-F7067E2C5D89}.Ad-Hoc|x86.ActiveCfg = Release|Any CPU
		{1DE7B2EC-D696-47B3-9395-F7067E2C5D89}.Ad-Hoc|x86.Build.0 = Release|Any CPU
		{1DE7B2EC-D696-47B3-9395-F7067E2C5D89}.Ad-Hoc|x86.Deploy.0 = Release|Any CPU
		{1DE7B2EC-D696-47B3-9395-F7067E2C5D89}.AppStore|Any CPU.ActiveCfg = Release|Any CPU
		{1DE7B2EC-D696-47B3-9395-F7067E2C5D89}.AppStore|Any CPU.Build.0 = Release|Any CPU
		{1DE7B2EC-D696-47B3-9395-F7067E2C5D89}.AppStore|Any CPU.Deploy.0 = Release|Any CPU
		{1DE7B2EC-D696-47B3-9395-F7067E2C5D89}.AppStore|ARM.ActiveCfg = Release|Any CPU
		{1DE7B2EC-D696-47B3-9395-F7067E2C5D89}.AppStore|ARM.Build.0 = Release|Any CPU
		{1DE7B2EC-D696-47B3-9395-F7067E2C5D89}.AppStore|ARM.Deploy.0 = Release|Any CPU
		{1DE7B2EC-D696-47B3-9395-F7067E2C5D89}.AppStore|iPhone.ActiveCfg = Release|Any CPU
		{1DE7B2EC-D696-47B3-9395-F7067E2C5D89}.AppStore|iPhone.Build.0 = Release|Any CPU
		{1DE7B2EC-D696-47B3-9395-F7067E2C5D89}.AppStore|iPhone.Deploy.0 = Release|Any CPU
		{1DE7B2EC-D696-47B3-9395-F7067E2C5D89}.AppStore|iPhoneSimulator.ActiveCfg = Release|Any CPU
		{1DE7B2EC-D696-47B3-9395-F7067E2C5D89}.AppStore|iPhoneSimulator.Build.0 = Release|Any CPU
		{1DE7B2EC-D696-47B3-9395-F7067E2C5D89}.AppStore|iPhoneSimulator.Deploy.0 = Release|Any CPU
		{1DE7B2EC-D696-47B3-9395-F7067E2C5D89}.AppStore|x64.ActiveCfg = Release|Any CPU
		{1DE7B2EC-D696-47B3-9395-F7067E2C5D89}.AppStore|x64.Build.0 = Release|Any CPU
		{1DE7B2EC-D696-47B3-9395-F7067E2C5D89}.AppStore|x64.Deploy.0 = Release|Any CPU
		{1DE7B2EC-D696-47B3-9395-F7067E2C5D89}.AppStore|x86.ActiveCfg = Release|Any CPU
		{1DE7B2EC-D696-47B3-9395-F7067E2C5D89}.AppStore|x86.Build.0 = Release|Any CPU
		{1DE7B2EC-D696-47B3-9395-F7067E2C5D89}.AppStore|x86.Deploy.0 = Release|Any CPU
		{1DE7B2EC-D696-47B3-9395-F7067E2C5D89}.Debug|Any CPU.ActiveCfg = Debug|Any CPU
		{1DE7B2EC-D696-47B3-9395-F7067E2C5D89}.Debug|Any CPU.Build.0 = Debug|Any CPU
		{1DE7B2EC-D696-47B3-9395-F7067E2C5D89}.Debug|Any CPU.Deploy.0 = Debug|Any CPU
		{1DE7B2EC-D696-47B3-9395-F7067E2C5D89}.Debug|ARM.ActiveCfg = Debug|Any CPU
		{1DE7B2EC-D696-47B3-9395-F7067E2C5D89}.Debug|ARM.Build.0 = Debug|Any CPU
		{1DE7B2EC-D696-47B3-9395-F7067E2C5D89}.Debug|ARM.Deploy.0 = Debug|Any CPU
		{1DE7B2EC-D696-47B3-9395-F7067E2C5D89}.Debug|iPhone.ActiveCfg = Debug|Any CPU
		{1DE7B2EC-D696-47B3-9395-F7067E2C5D89}.Debug|iPhone.Build.0 = Debug|Any CPU
		{1DE7B2EC-D696-47B3-9395-F7067E2C5D89}.Debug|iPhone.Deploy.0 = Debug|Any CPU
		{1DE7B2EC-D696-47B3-9395-F7067E2C5D89}.Debug|iPhoneSimulator.ActiveCfg = Debug|Any CPU
		{1DE7B2EC-D696-47B3-9395-F7067E2C5D89}.Debug|iPhoneSimulator.Build.0 = Debug|Any CPU
		{1DE7B2EC-D696-47B3-9395-F7067E2C5D89}.Debug|iPhoneSimulator.Deploy.0 = Debug|Any CPU
		{1DE7B2EC-D696-47B3-9395-F7067E2C5D89}.Debug|x64.ActiveCfg = Debug|Any CPU
		{1DE7B2EC-D696-47B3-9395-F7067E2C5D89}.Debug|x64.Build.0 = Debug|Any CPU
		{1DE7B2EC-D696-47B3-9395-F7067E2C5D89}.Debug|x64.Deploy.0 = Debug|Any CPU
		{1DE7B2EC-D696-47B3-9395-F7067E2C5D89}.Debug|x86.ActiveCfg = Debug|Any CPU
		{1DE7B2EC-D696-47B3-9395-F7067E2C5D89}.Debug|x86.Build.0 = Debug|Any CPU
		{1DE7B2EC-D696-47B3-9395-F7067E2C5D89}.Debug|x86.Deploy.0 = Debug|Any CPU
		{1DE7B2EC-D696-47B3-9395-F7067E2C5D89}.Release|Any CPU.ActiveCfg = Release|Any CPU
		{1DE7B2EC-D696-47B3-9395-F7067E2C5D89}.Release|Any CPU.Build.0 = Release|Any CPU
		{1DE7B2EC-D696-47B3-9395-F7067E2C5D89}.Release|Any CPU.Deploy.0 = Release|Any CPU
		{1DE7B2EC-D696-47B3-9395-F7067E2C5D89}.Release|ARM.ActiveCfg = Release|Any CPU
		{1DE7B2EC-D696-47B3-9395-F7067E2C5D89}.Release|ARM.Build.0 = Release|Any CPU
		{1DE7B2EC-D696-47B3-9395-F7067E2C5D89}.Release|ARM.Deploy.0 = Release|Any CPU
		{1DE7B2EC-D696-47B3-9395-F7067E2C5D89}.Release|iPhone.ActiveCfg = Release|Any CPU
		{1DE7B2EC-D696-47B3-9395-F7067E2C5D89}.Release|iPhone.Build.0 = Release|Any CPU
		{1DE7B2EC-D696-47B3-9395-F7067E2C5D89}.Release|iPhone.Deploy.0 = Release|Any CPU
		{1DE7B2EC-D696-47B3-9395-F7067E2C5D89}.Release|iPhoneSimulator.ActiveCfg = Release|Any CPU
		{1DE7B2EC-D696-47B3-9395-F7067E2C5D89}.Release|iPhoneSimulator.Build.0 = Release|Any CPU
		{1DE7B2EC-D696-47B3-9395-F7067E2C5D89}.Release|iPhoneSimulator.Deploy.0 = Release|Any CPU
		{1DE7B2EC-D696-47B3-9395-F7067E2C5D89}.Release|x64.ActiveCfg = Release|Any CPU
		{1DE7B2EC-D696-47B3-9395-F7067E2C5D89}.Release|x64.Build.0 = Release|Any CPU
		{1DE7B2EC-D696-47B3-9395-F7067E2C5D89}.Release|x64.Deploy.0 = Release|Any CPU
		{1DE7B2EC-D696-47B3-9395-F7067E2C5D89}.Release|x86.ActiveCfg = Release|Any CPU
		{1DE7B2EC-D696-47B3-9395-F7067E2C5D89}.Release|x86.Build.0 = Release|Any CPU
		{1DE7B2EC-D696-47B3-9395-F7067E2C5D89}.Release|x86.Deploy.0 = Release|Any CPU
		{6D0D52CB-C75A-49A5-B74F-72CC7768C03E}.Ad-Hoc|Any CPU.ActiveCfg = Ad-Hoc|iPhone
		{6D0D52CB-C75A-49A5-B74F-72CC7768C03E}.Ad-Hoc|ARM.ActiveCfg = Ad-Hoc|iPhone
		{6D0D52CB-C75A-49A5-B74F-72CC7768C03E}.Ad-Hoc|iPhone.ActiveCfg = Ad-Hoc|iPhone
		{6D0D52CB-C75A-49A5-B74F-72CC7768C03E}.Ad-Hoc|iPhone.Build.0 = Ad-Hoc|iPhone
		{6D0D52CB-C75A-49A5-B74F-72CC7768C03E}.Ad-Hoc|iPhoneSimulator.ActiveCfg = Ad-Hoc|iPhoneSimulator
		{6D0D52CB-C75A-49A5-B74F-72CC7768C03E}.Ad-Hoc|iPhoneSimulator.Build.0 = Ad-Hoc|iPhoneSimulator
		{6D0D52CB-C75A-49A5-B74F-72CC7768C03E}.Ad-Hoc|x64.ActiveCfg = Ad-Hoc|iPhone
		{6D0D52CB-C75A-49A5-B74F-72CC7768C03E}.Ad-Hoc|x86.ActiveCfg = Ad-Hoc|iPhone
		{6D0D52CB-C75A-49A5-B74F-72CC7768C03E}.AppStore|Any CPU.ActiveCfg = AppStore|iPhone
		{6D0D52CB-C75A-49A5-B74F-72CC7768C03E}.AppStore|ARM.ActiveCfg = AppStore|iPhone
		{6D0D52CB-C75A-49A5-B74F-72CC7768C03E}.AppStore|iPhone.ActiveCfg = AppStore|iPhone
		{6D0D52CB-C75A-49A5-B74F-72CC7768C03E}.AppStore|iPhone.Build.0 = AppStore|iPhone
		{6D0D52CB-C75A-49A5-B74F-72CC7768C03E}.AppStore|iPhoneSimulator.ActiveCfg = AppStore|iPhoneSimulator
		{6D0D52CB-C75A-49A5-B74F-72CC7768C03E}.AppStore|iPhoneSimulator.Build.0 = AppStore|iPhoneSimulator
		{6D0D52CB-C75A-49A5-B74F-72CC7768C03E}.AppStore|x64.ActiveCfg = AppStore|iPhone
		{6D0D52CB-C75A-49A5-B74F-72CC7768C03E}.AppStore|x86.ActiveCfg = AppStore|iPhone
		{6D0D52CB-C75A-49A5-B74F-72CC7768C03E}.Debug|Any CPU.ActiveCfg = Debug|iPhone
		{6D0D52CB-C75A-49A5-B74F-72CC7768C03E}.Debug|ARM.ActiveCfg = Debug|iPhone
		{6D0D52CB-C75A-49A5-B74F-72CC7768C03E}.Debug|iPhone.ActiveCfg = Debug|iPhone
		{6D0D52CB-C75A-49A5-B74F-72CC7768C03E}.Debug|iPhone.Build.0 = Debug|iPhone
		{6D0D52CB-C75A-49A5-B74F-72CC7768C03E}.Debug|iPhoneSimulator.ActiveCfg = Debug|iPhoneSimulator
		{6D0D52CB-C75A-49A5-B74F-72CC7768C03E}.Debug|iPhoneSimulator.Build.0 = Debug|iPhoneSimulator
		{6D0D52CB-C75A-49A5-B74F-72CC7768C03E}.Debug|x64.ActiveCfg = Debug|iPhone
		{6D0D52CB-C75A-49A5-B74F-72CC7768C03E}.Debug|x86.ActiveCfg = Debug|iPhone
		{6D0D52CB-C75A-49A5-B74F-72CC7768C03E}.Release|Any CPU.ActiveCfg = Release|iPhone
		{6D0D52CB-C75A-49A5-B74F-72CC7768C03E}.Release|ARM.ActiveCfg = Release|iPhone
		{6D0D52CB-C75A-49A5-B74F-72CC7768C03E}.Release|iPhone.ActiveCfg = Release|iPhone
		{6D0D52CB-C75A-49A5-B74F-72CC7768C03E}.Release|iPhone.Build.0 = Release|iPhone
		{6D0D52CB-C75A-49A5-B74F-72CC7768C03E}.Release|iPhoneSimulator.ActiveCfg = Release|iPhoneSimulator
		{6D0D52CB-C75A-49A5-B74F-72CC7768C03E}.Release|iPhoneSimulator.Build.0 = Release|iPhoneSimulator
		{6D0D52CB-C75A-49A5-B74F-72CC7768C03E}.Release|x64.ActiveCfg = Release|iPhone
		{6D0D52CB-C75A-49A5-B74F-72CC7768C03E}.Release|x86.ActiveCfg = Release|iPhone
		{3BA48DDF-F183-49DF-9318-7158946488B9}.Ad-Hoc|Any CPU.ActiveCfg = Release|Any CPU
		{3BA48DDF-F183-49DF-9318-7158946488B9}.Ad-Hoc|Any CPU.Build.0 = Release|Any CPU
		{3BA48DDF-F183-49DF-9318-7158946488B9}.Ad-Hoc|Any CPU.Deploy.0 = Release|Any CPU
		{3BA48DDF-F183-49DF-9318-7158946488B9}.Ad-Hoc|ARM.ActiveCfg = Release|ARM
		{3BA48DDF-F183-49DF-9318-7158946488B9}.Ad-Hoc|ARM.Build.0 = Release|ARM
		{3BA48DDF-F183-49DF-9318-7158946488B9}.Ad-Hoc|ARM.Deploy.0 = Release|ARM
		{3BA48DDF-F183-49DF-9318-7158946488B9}.Ad-Hoc|iPhone.ActiveCfg = Release|Any CPU
		{3BA48DDF-F183-49DF-9318-7158946488B9}.Ad-Hoc|iPhone.Build.0 = Release|Any CPU
		{3BA48DDF-F183-49DF-9318-7158946488B9}.Ad-Hoc|iPhone.Deploy.0 = Release|Any CPU
		{3BA48DDF-F183-49DF-9318-7158946488B9}.Ad-Hoc|iPhoneSimulator.ActiveCfg = Release|Any CPU
		{3BA48DDF-F183-49DF-9318-7158946488B9}.Ad-Hoc|iPhoneSimulator.Build.0 = Release|Any CPU
		{3BA48DDF-F183-49DF-9318-7158946488B9}.Ad-Hoc|iPhoneSimulator.Deploy.0 = Release|Any CPU
		{3BA48DDF-F183-49DF-9318-7158946488B9}.Ad-Hoc|x64.ActiveCfg = Release|Any CPU
		{3BA48DDF-F183-49DF-9318-7158946488B9}.Ad-Hoc|x64.Build.0 = Release|Any CPU
		{3BA48DDF-F183-49DF-9318-7158946488B9}.Ad-Hoc|x64.Deploy.0 = Release|Any CPU
		{3BA48DDF-F183-49DF-9318-7158946488B9}.Ad-Hoc|x86.ActiveCfg = Release|x86
		{3BA48DDF-F183-49DF-9318-7158946488B9}.Ad-Hoc|x86.Build.0 = Release|x86
		{3BA48DDF-F183-49DF-9318-7158946488B9}.Ad-Hoc|x86.Deploy.0 = Release|x86
		{3BA48DDF-F183-49DF-9318-7158946488B9}.AppStore|Any CPU.ActiveCfg = Release|Any CPU
		{3BA48DDF-F183-49DF-9318-7158946488B9}.AppStore|Any CPU.Build.0 = Release|Any CPU
		{3BA48DDF-F183-49DF-9318-7158946488B9}.AppStore|Any CPU.Deploy.0 = Release|Any CPU
		{3BA48DDF-F183-49DF-9318-7158946488B9}.AppStore|ARM.ActiveCfg = Release|ARM
		{3BA48DDF-F183-49DF-9318-7158946488B9}.AppStore|ARM.Build.0 = Release|ARM
		{3BA48DDF-F183-49DF-9318-7158946488B9}.AppStore|ARM.Deploy.0 = Release|ARM
		{3BA48DDF-F183-49DF-9318-7158946488B9}.AppStore|iPhone.ActiveCfg = Release|Any CPU
		{3BA48DDF-F183-49DF-9318-7158946488B9}.AppStore|iPhone.Build.0 = Release|Any CPU
		{3BA48DDF-F183-49DF-9318-7158946488B9}.AppStore|iPhone.Deploy.0 = Release|Any CPU
		{3BA48DDF-F183-49DF-9318-7158946488B9}.AppStore|iPhoneSimulator.ActiveCfg = Release|Any CPU
		{3BA48DDF-F183-49DF-9318-7158946488B9}.AppStore|iPhoneSimulator.Build.0 = Release|Any CPU
		{3BA48DDF-F183-49DF-9318-7158946488B9}.AppStore|iPhoneSimulator.Deploy.0 = Release|Any CPU
		{3BA48DDF-F183-49DF-9318-7158946488B9}.AppStore|x64.ActiveCfg = Release|Any CPU
		{3BA48DDF-F183-49DF-9318-7158946488B9}.AppStore|x64.Build.0 = Release|Any CPU
		{3BA48DDF-F183-49DF-9318-7158946488B9}.AppStore|x64.Deploy.0 = Release|Any CPU
		{3BA48DDF-F183-49DF-9318-7158946488B9}.AppStore|x86.ActiveCfg = Release|x86
		{3BA48DDF-F183-49DF-9318-7158946488B9}.AppStore|x86.Build.0 = Release|x86
		{3BA48DDF-F183-49DF-9318-7158946488B9}.AppStore|x86.Deploy.0 = Release|x86
		{3BA48DDF-F183-49DF-9318-7158946488B9}.Debug|Any CPU.ActiveCfg = Debug|Any CPU
		{3BA48DDF-F183-49DF-9318-7158946488B9}.Debug|Any CPU.Build.0 = Debug|Any CPU
		{3BA48DDF-F183-49DF-9318-7158946488B9}.Debug|Any CPU.Deploy.0 = Debug|Any CPU
		{3BA48DDF-F183-49DF-9318-7158946488B9}.Debug|ARM.ActiveCfg = Debug|ARM
		{3BA48DDF-F183-49DF-9318-7158946488B9}.Debug|ARM.Build.0 = Debug|ARM
		{3BA48DDF-F183-49DF-9318-7158946488B9}.Debug|ARM.Deploy.0 = Debug|ARM
		{3BA48DDF-F183-49DF-9318-7158946488B9}.Debug|iPhone.ActiveCfg = Debug|Any CPU
		{3BA48DDF-F183-49DF-9318-7158946488B9}.Debug|iPhone.Build.0 = Debug|Any CPU
		{3BA48DDF-F183-49DF-9318-7158946488B9}.Debug|iPhone.Deploy.0 = Debug|Any CPU
		{3BA48DDF-F183-49DF-9318-7158946488B9}.Debug|iPhoneSimulator.ActiveCfg = Debug|Any CPU
		{3BA48DDF-F183-49DF-9318-7158946488B9}.Debug|iPhoneSimulator.Build.0 = Debug|Any CPU
		{3BA48DDF-F183-49DF-9318-7158946488B9}.Debug|iPhoneSimulator.Deploy.0 = Debug|Any CPU
		{3BA48DDF-F183-49DF-9318-7158946488B9}.Debug|x64.ActiveCfg = Debug|Any CPU
		{3BA48DDF-F183-49DF-9318-7158946488B9}.Debug|x64.Build.0 = Debug|Any CPU
		{3BA48DDF-F183-49DF-9318-7158946488B9}.Debug|x64.Deploy.0 = Debug|Any CPU
		{3BA48DDF-F183-49DF-9318-7158946488B9}.Debug|x86.ActiveCfg = Debug|x86
		{3BA48DDF-F183-49DF-9318-7158946488B9}.Debug|x86.Build.0 = Debug|x86
		{3BA48DDF-F183-49DF-9318-7158946488B9}.Debug|x86.Deploy.0 = Debug|x86
		{3BA48DDF-F183-49DF-9318-7158946488B9}.Release|Any CPU.ActiveCfg = Release|Any CPU
		{3BA48DDF-F183-49DF-9318-7158946488B9}.Release|Any CPU.Build.0 = Release|Any CPU
		{3BA48DDF-F183-49DF-9318-7158946488B9}.Release|Any CPU.Deploy.0 = Release|Any CPU
		{3BA48DDF-F183-49DF-9318-7158946488B9}.Release|ARM.ActiveCfg = Release|ARM
		{3BA48DDF-F183-49DF-9318-7158946488B9}.Release|ARM.Build.0 = Release|ARM
		{3BA48DDF-F183-49DF-9318-7158946488B9}.Release|ARM.Deploy.0 = Release|ARM
		{3BA48DDF-F183-49DF-9318-7158946488B9}.Release|iPhone.ActiveCfg = Release|Any CPU
		{3BA48DDF-F183-49DF-9318-7158946488B9}.Release|iPhone.Build.0 = Release|Any CPU
		{3BA48DDF-F183-49DF-9318-7158946488B9}.Release|iPhone.Deploy.0 = Release|Any CPU
		{3BA48DDF-F183-49DF-9318-7158946488B9}.Release|iPhoneSimulator.ActiveCfg = Release|Any CPU
		{3BA48DDF-F183-49DF-9318-7158946488B9}.Release|iPhoneSimulator.Build.0 = Release|Any CPU
		{3BA48DDF-F183-49DF-9318-7158946488B9}.Release|iPhoneSimulator.Deploy.0 = Release|Any CPU
		{3BA48DDF-F183-49DF-9318-7158946488B9}.Release|x64.ActiveCfg = Release|Any CPU
		{3BA48DDF-F183-49DF-9318-7158946488B9}.Release|x64.Build.0 = Release|Any CPU
		{3BA48DDF-F183-49DF-9318-7158946488B9}.Release|x64.Deploy.0 = Release|Any CPU
		{3BA48DDF-F183-49DF-9318-7158946488B9}.Release|x86.ActiveCfg = Release|x86
		{3BA48DDF-F183-49DF-9318-7158946488B9}.Release|x86.Build.0 = Release|x86
		{3BA48DDF-F183-49DF-9318-7158946488B9}.Release|x86.Deploy.0 = Release|x86
		{E3738600-7092-44AA-88BB-F3E9D71D2632}.Ad-Hoc|Any CPU.ActiveCfg = Release|x86
		{E3738600-7092-44AA-88BB-F3E9D71D2632}.Ad-Hoc|Any CPU.Build.0 = Release|x86
		{E3738600-7092-44AA-88BB-F3E9D71D2632}.Ad-Hoc|Any CPU.Deploy.0 = Release|x86
		{E3738600-7092-44AA-88BB-F3E9D71D2632}.Ad-Hoc|ARM.ActiveCfg = Release|ARM
		{E3738600-7092-44AA-88BB-F3E9D71D2632}.Ad-Hoc|ARM.Build.0 = Release|ARM
		{E3738600-7092-44AA-88BB-F3E9D71D2632}.Ad-Hoc|ARM.Deploy.0 = Release|ARM
		{E3738600-7092-44AA-88BB-F3E9D71D2632}.Ad-Hoc|iPhone.ActiveCfg = Release|x86
		{E3738600-7092-44AA-88BB-F3E9D71D2632}.Ad-Hoc|iPhone.Build.0 = Release|x86
		{E3738600-7092-44AA-88BB-F3E9D71D2632}.Ad-Hoc|iPhone.Deploy.0 = Release|x86
		{E3738600-7092-44AA-88BB-F3E9D71D2632}.Ad-Hoc|iPhoneSimulator.ActiveCfg = Release|x86
		{E3738600-7092-44AA-88BB-F3E9D71D2632}.Ad-Hoc|iPhoneSimulator.Build.0 = Release|x86
		{E3738600-7092-44AA-88BB-F3E9D71D2632}.Ad-Hoc|iPhoneSimulator.Deploy.0 = Release|x86
		{E3738600-7092-44AA-88BB-F3E9D71D2632}.Ad-Hoc|x64.ActiveCfg = Release|x64
		{E3738600-7092-44AA-88BB-F3E9D71D2632}.Ad-Hoc|x64.Build.0 = Release|x64
		{E3738600-7092-44AA-88BB-F3E9D71D2632}.Ad-Hoc|x64.Deploy.0 = Release|x64
		{E3738600-7092-44AA-88BB-F3E9D71D2632}.Ad-Hoc|x86.ActiveCfg = Release|x86
		{E3738600-7092-44AA-88BB-F3E9D71D2632}.Ad-Hoc|x86.Build.0 = Release|x86
		{E3738600-7092-44AA-88BB-F3E9D71D2632}.Ad-Hoc|x86.Deploy.0 = Release|x86
		{E3738600-7092-44AA-88BB-F3E9D71D2632}.AppStore|Any CPU.ActiveCfg = Release|x86
		{E3738600-7092-44AA-88BB-F3E9D71D2632}.AppStore|Any CPU.Build.0 = Release|x86
		{E3738600-7092-44AA-88BB-F3E9D71D2632}.AppStore|Any CPU.Deploy.0 = Release|x86
		{E3738600-7092-44AA-88BB-F3E9D71D2632}.AppStore|ARM.ActiveCfg = Release|ARM
		{E3738600-7092-44AA-88BB-F3E9D71D2632}.AppStore|ARM.Build.0 = Release|ARM
		{E3738600-7092-44AA-88BB-F3E9D71D2632}.AppStore|ARM.Deploy.0 = Release|ARM
		{E3738600-7092-44AA-88BB-F3E9D71D2632}.AppStore|iPhone.ActiveCfg = Release|x86
		{E3738600-7092-44AA-88BB-F3E9D71D2632}.AppStore|iPhone.Build.0 = Release|x86
		{E3738600-7092-44AA-88BB-F3E9D71D2632}.AppStore|iPhone.Deploy.0 = Release|x86
		{E3738600-7092-44AA-88BB-F3E9D71D2632}.AppStore|iPhoneSimulator.ActiveCfg = Release|x86
		{E3738600-7092-44AA-88BB-F3E9D71D2632}.AppStore|iPhoneSimulator.Build.0 = Release|x86
		{E3738600-7092-44AA-88BB-F3E9D71D2632}.AppStore|iPhoneSimulator.Deploy.0 = Release|x86
		{E3738600-7092-44AA-88BB-F3E9D71D2632}.AppStore|x64.ActiveCfg = Release|x64
		{E3738600-7092-44AA-88BB-F3E9D71D2632}.AppStore|x64.Build.0 = Release|x64
		{E3738600-7092-44AA-88BB-F3E9D71D2632}.AppStore|x64.Deploy.0 = Release|x64
		{E3738600-7092-44AA-88BB-F3E9D71D2632}.AppStore|x86.ActiveCfg = Release|x86
		{E3738600-7092-44AA-88BB-F3E9D71D2632}.AppStore|x86.Build.0 = Release|x86
		{E3738600-7092-44AA-88BB-F3E9D71D2632}.AppStore|x86.Deploy.0 = Release|x86
		{E3738600-7092-44AA-88BB-F3E9D71D2632}.Debug|Any CPU.ActiveCfg = Debug|x86
		{E3738600-7092-44AA-88BB-F3E9D71D2632}.Debug|ARM.ActiveCfg = Debug|ARM
		{E3738600-7092-44AA-88BB-F3E9D71D2632}.Debug|ARM.Build.0 = Debug|ARM
		{E3738600-7092-44AA-88BB-F3E9D71D2632}.Debug|ARM.Deploy.0 = Debug|ARM
		{E3738600-7092-44AA-88BB-F3E9D71D2632}.Debug|iPhone.ActiveCfg = Debug|x86
		{E3738600-7092-44AA-88BB-F3E9D71D2632}.Debug|iPhoneSimulator.ActiveCfg = Debug|x86
		{E3738600-7092-44AA-88BB-F3E9D71D2632}.Debug|x64.ActiveCfg = Debug|x64
		{E3738600-7092-44AA-88BB-F3E9D71D2632}.Debug|x64.Build.0 = Debug|x64
		{E3738600-7092-44AA-88BB-F3E9D71D2632}.Debug|x64.Deploy.0 = Debug|x64
		{E3738600-7092-44AA-88BB-F3E9D71D2632}.Debug|x86.ActiveCfg = Debug|x86
		{E3738600-7092-44AA-88BB-F3E9D71D2632}.Debug|x86.Build.0 = Debug|x86
		{E3738600-7092-44AA-88BB-F3E9D71D2632}.Debug|x86.Deploy.0 = Debug|x86
		{E3738600-7092-44AA-88BB-F3E9D71D2632}.Release|Any CPU.ActiveCfg = Release|x86
		{E3738600-7092-44AA-88BB-F3E9D71D2632}.Release|ARM.ActiveCfg = Release|ARM
		{E3738600-7092-44AA-88BB-F3E9D71D2632}.Release|ARM.Build.0 = Release|ARM
		{E3738600-7092-44AA-88BB-F3E9D71D2632}.Release|ARM.Deploy.0 = Release|ARM
		{E3738600-7092-44AA-88BB-F3E9D71D2632}.Release|iPhone.ActiveCfg = Release|x86
		{E3738600-7092-44AA-88BB-F3E9D71D2632}.Release|iPhoneSimulator.ActiveCfg = Release|x86
		{E3738600-7092-44AA-88BB-F3E9D71D2632}.Release|x64.ActiveCfg = Release|x64
		{E3738600-7092-44AA-88BB-F3E9D71D2632}.Release|x64.Build.0 = Release|x64
		{E3738600-7092-44AA-88BB-F3E9D71D2632}.Release|x64.Deploy.0 = Release|x64
		{E3738600-7092-44AA-88BB-F3E9D71D2632}.Release|x86.ActiveCfg = Release|x86
		{E3738600-7092-44AA-88BB-F3E9D71D2632}.Release|x86.Build.0 = Release|x86
		{E3738600-7092-44AA-88BB-F3E9D71D2632}.Release|x86.Deploy.0 = Release|x86
		{EFA66431-9878-4FA9-B679-B187CEB5D0B7}.Ad-Hoc|Any CPU.ActiveCfg = Release|Any CPU
		{EFA66431-9878-4FA9-B679-B187CEB5D0B7}.Ad-Hoc|Any CPU.Build.0 = Release|Any CPU
		{EFA66431-9878-4FA9-B679-B187CEB5D0B7}.Ad-Hoc|Any CPU.Deploy.0 = Release|Any CPU
		{EFA66431-9878-4FA9-B679-B187CEB5D0B7}.Ad-Hoc|ARM.ActiveCfg = Release|ARM
		{EFA66431-9878-4FA9-B679-B187CEB5D0B7}.Ad-Hoc|ARM.Build.0 = Release|ARM
		{EFA66431-9878-4FA9-B679-B187CEB5D0B7}.Ad-Hoc|ARM.Deploy.0 = Release|ARM
		{EFA66431-9878-4FA9-B679-B187CEB5D0B7}.Ad-Hoc|iPhone.ActiveCfg = Release|Any CPU
		{EFA66431-9878-4FA9-B679-B187CEB5D0B7}.Ad-Hoc|iPhone.Build.0 = Release|Any CPU
		{EFA66431-9878-4FA9-B679-B187CEB5D0B7}.Ad-Hoc|iPhone.Deploy.0 = Release|Any CPU
		{EFA66431-9878-4FA9-B679-B187CEB5D0B7}.Ad-Hoc|iPhoneSimulator.ActiveCfg = Release|Any CPU
		{EFA66431-9878-4FA9-B679-B187CEB5D0B7}.Ad-Hoc|iPhoneSimulator.Build.0 = Release|Any CPU
		{EFA66431-9878-4FA9-B679-B187CEB5D0B7}.Ad-Hoc|iPhoneSimulator.Deploy.0 = Release|Any CPU
		{EFA66431-9878-4FA9-B679-B187CEB5D0B7}.Ad-Hoc|x64.ActiveCfg = Release|x64
		{EFA66431-9878-4FA9-B679-B187CEB5D0B7}.Ad-Hoc|x64.Build.0 = Release|x64
		{EFA66431-9878-4FA9-B679-B187CEB5D0B7}.Ad-Hoc|x64.Deploy.0 = Release|x64
		{EFA66431-9878-4FA9-B679-B187CEB5D0B7}.Ad-Hoc|x86.ActiveCfg = Release|x86
		{EFA66431-9878-4FA9-B679-B187CEB5D0B7}.Ad-Hoc|x86.Build.0 = Release|x86
		{EFA66431-9878-4FA9-B679-B187CEB5D0B7}.Ad-Hoc|x86.Deploy.0 = Release|x86
		{EFA66431-9878-4FA9-B679-B187CEB5D0B7}.AppStore|Any CPU.ActiveCfg = Release|Any CPU
		{EFA66431-9878-4FA9-B679-B187CEB5D0B7}.AppStore|Any CPU.Build.0 = Release|Any CPU
		{EFA66431-9878-4FA9-B679-B187CEB5D0B7}.AppStore|Any CPU.Deploy.0 = Release|Any CPU
		{EFA66431-9878-4FA9-B679-B187CEB5D0B7}.AppStore|ARM.ActiveCfg = Release|ARM
		{EFA66431-9878-4FA9-B679-B187CEB5D0B7}.AppStore|ARM.Build.0 = Release|ARM
		{EFA66431-9878-4FA9-B679-B187CEB5D0B7}.AppStore|ARM.Deploy.0 = Release|ARM
		{EFA66431-9878-4FA9-B679-B187CEB5D0B7}.AppStore|iPhone.ActiveCfg = Release|Any CPU
		{EFA66431-9878-4FA9-B679-B187CEB5D0B7}.AppStore|iPhone.Build.0 = Release|Any CPU
		{EFA66431-9878-4FA9-B679-B187CEB5D0B7}.AppStore|iPhone.Deploy.0 = Release|Any CPU
		{EFA66431-9878-4FA9-B679-B187CEB5D0B7}.AppStore|iPhoneSimulator.ActiveCfg = Release|Any CPU
		{EFA66431-9878-4FA9-B679-B187CEB5D0B7}.AppStore|iPhoneSimulator.Build.0 = Release|Any CPU
		{EFA66431-9878-4FA9-B679-B187CEB5D0B7}.AppStore|iPhoneSimulator.Deploy.0 = Release|Any CPU
		{EFA66431-9878-4FA9-B679-B187CEB5D0B7}.AppStore|x64.ActiveCfg = Release|x64
		{EFA66431-9878-4FA9-B679-B187CEB5D0B7}.AppStore|x64.Build.0 = Release|x64
		{EFA66431-9878-4FA9-B679-B187CEB5D0B7}.AppStore|x64.Deploy.0 = Release|x64
		{EFA66431-9878-4FA9-B679-B187CEB5D0B7}.AppStore|x86.ActiveCfg = Release|x86
		{EFA66431-9878-4FA9-B679-B187CEB5D0B7}.AppStore|x86.Build.0 = Release|x86
		{EFA66431-9878-4FA9-B679-B187CEB5D0B7}.AppStore|x86.Deploy.0 = Release|x86
		{EFA66431-9878-4FA9-B679-B187CEB5D0B7}.Debug|Any CPU.ActiveCfg = Debug|Any CPU
		{EFA66431-9878-4FA9-B679-B187CEB5D0B7}.Debug|Any CPU.Build.0 = Debug|Any CPU
		{EFA66431-9878-4FA9-B679-B187CEB5D0B7}.Debug|Any CPU.Deploy.0 = Debug|Any CPU
		{EFA66431-9878-4FA9-B679-B187CEB5D0B7}.Debug|ARM.ActiveCfg = Debug|ARM
		{EFA66431-9878-4FA9-B679-B187CEB5D0B7}.Debug|ARM.Build.0 = Debug|ARM
		{EFA66431-9878-4FA9-B679-B187CEB5D0B7}.Debug|ARM.Deploy.0 = Debug|ARM
		{EFA66431-9878-4FA9-B679-B187CEB5D0B7}.Debug|iPhone.ActiveCfg = Debug|Any CPU
		{EFA66431-9878-4FA9-B679-B187CEB5D0B7}.Debug|iPhone.Build.0 = Debug|Any CPU
		{EFA66431-9878-4FA9-B679-B187CEB5D0B7}.Debug|iPhone.Deploy.0 = Debug|Any CPU
		{EFA66431-9878-4FA9-B679-B187CEB5D0B7}.Debug|iPhoneSimulator.ActiveCfg = Debug|Any CPU
		{EFA66431-9878-4FA9-B679-B187CEB5D0B7}.Debug|iPhoneSimulator.Build.0 = Debug|Any CPU
		{EFA66431-9878-4FA9-B679-B187CEB5D0B7}.Debug|iPhoneSimulator.Deploy.0 = Debug|Any CPU
		{EFA66431-9878-4FA9-B679-B187CEB5D0B7}.Debug|x64.ActiveCfg = Debug|x64
		{EFA66431-9878-4FA9-B679-B187CEB5D0B7}.Debug|x64.Build.0 = Debug|x64
		{EFA66431-9878-4FA9-B679-B187CEB5D0B7}.Debug|x64.Deploy.0 = Debug|x64
		{EFA66431-9878-4FA9-B679-B187CEB5D0B7}.Debug|x86.ActiveCfg = Debug|x86
		{EFA66431-9878-4FA9-B679-B187CEB5D0B7}.Debug|x86.Build.0 = Debug|x86
		{EFA66431-9878-4FA9-B679-B187CEB5D0B7}.Debug|x86.Deploy.0 = Debug|x86
		{EFA66431-9878-4FA9-B679-B187CEB5D0B7}.Release|Any CPU.ActiveCfg = Release|Any CPU
		{EFA66431-9878-4FA9-B679-B187CEB5D0B7}.Release|Any CPU.Build.0 = Release|Any CPU
		{EFA66431-9878-4FA9-B679-B187CEB5D0B7}.Release|Any CPU.Deploy.0 = Release|Any CPU
		{EFA66431-9878-4FA9-B679-B187CEB5D0B7}.Release|ARM.ActiveCfg = Release|ARM
		{EFA66431-9878-4FA9-B679-B187CEB5D0B7}.Release|ARM.Build.0 = Release|ARM
		{EFA66431-9878-4FA9-B679-B187CEB5D0B7}.Release|ARM.Deploy.0 = Release|ARM
		{EFA66431-9878-4FA9-B679-B187CEB5D0B7}.Release|iPhone.ActiveCfg = Release|Any CPU
		{EFA66431-9878-4FA9-B679-B187CEB5D0B7}.Release|iPhone.Build.0 = Release|Any CPU
		{EFA66431-9878-4FA9-B679-B187CEB5D0B7}.Release|iPhone.Deploy.0 = Release|Any CPU
		{EFA66431-9878-4FA9-B679-B187CEB5D0B7}.Release|iPhoneSimulator.ActiveCfg = Release|Any CPU
		{EFA66431-9878-4FA9-B679-B187CEB5D0B7}.Release|iPhoneSimulator.Build.0 = Release|Any CPU
		{EFA66431-9878-4FA9-B679-B187CEB5D0B7}.Release|iPhoneSimulator.Deploy.0 = Release|Any CPU
		{EFA66431-9878-4FA9-B679-B187CEB5D0B7}.Release|x64.ActiveCfg = Release|x64
		{EFA66431-9878-4FA9-B679-B187CEB5D0B7}.Release|x64.Build.0 = Release|x64
		{EFA66431-9878-4FA9-B679-B187CEB5D0B7}.Release|x64.Deploy.0 = Release|x64
		{EFA66431-9878-4FA9-B679-B187CEB5D0B7}.Release|x86.ActiveCfg = Release|x86
		{EFA66431-9878-4FA9-B679-B187CEB5D0B7}.Release|x86.Build.0 = Release|x86
		{EFA66431-9878-4FA9-B679-B187CEB5D0B7}.Release|x86.Deploy.0 = Release|x86
		{D4116110-8787-4143-9DAA-2976E51B0487}.Ad-Hoc|Any CPU.ActiveCfg = Release|Any CPU
		{D4116110-8787-4143-9DAA-2976E51B0487}.Ad-Hoc|Any CPU.Build.0 = Release|Any CPU
		{D4116110-8787-4143-9DAA-2976E51B0487}.Ad-Hoc|ARM.ActiveCfg = Release|Any CPU
		{D4116110-8787-4143-9DAA-2976E51B0487}.Ad-Hoc|ARM.Build.0 = Release|Any CPU
		{D4116110-8787-4143-9DAA-2976E51B0487}.Ad-Hoc|iPhone.ActiveCfg = Release|Any CPU
		{D4116110-8787-4143-9DAA-2976E51B0487}.Ad-Hoc|iPhone.Build.0 = Release|Any CPU
		{D4116110-8787-4143-9DAA-2976E51B0487}.Ad-Hoc|iPhoneSimulator.ActiveCfg = Release|Any CPU
		{D4116110-8787-4143-9DAA-2976E51B0487}.Ad-Hoc|iPhoneSimulator.Build.0 = Release|Any CPU
		{D4116110-8787-4143-9DAA-2976E51B0487}.Ad-Hoc|x64.ActiveCfg = Release|Any CPU
		{D4116110-8787-4143-9DAA-2976E51B0487}.Ad-Hoc|x64.Build.0 = Release|Any CPU
		{D4116110-8787-4143-9DAA-2976E51B0487}.Ad-Hoc|x86.ActiveCfg = Release|Any CPU
		{D4116110-8787-4143-9DAA-2976E51B0487}.Ad-Hoc|x86.Build.0 = Release|Any CPU
		{D4116110-8787-4143-9DAA-2976E51B0487}.AppStore|Any CPU.ActiveCfg = Release|Any CPU
		{D4116110-8787-4143-9DAA-2976E51B0487}.AppStore|Any CPU.Build.0 = Release|Any CPU
		{D4116110-8787-4143-9DAA-2976E51B0487}.AppStore|ARM.ActiveCfg = Release|Any CPU
		{D4116110-8787-4143-9DAA-2976E51B0487}.AppStore|ARM.Build.0 = Release|Any CPU
		{D4116110-8787-4143-9DAA-2976E51B0487}.AppStore|iPhone.ActiveCfg = Release|Any CPU
		{D4116110-8787-4143-9DAA-2976E51B0487}.AppStore|iPhone.Build.0 = Release|Any CPU
		{D4116110-8787-4143-9DAA-2976E51B0487}.AppStore|iPhoneSimulator.ActiveCfg = Release|Any CPU
		{D4116110-8787-4143-9DAA-2976E51B0487}.AppStore|iPhoneSimulator.Build.0 = Release|Any CPU
		{D4116110-8787-4143-9DAA-2976E51B0487}.AppStore|x64.ActiveCfg = Release|Any CPU
		{D4116110-8787-4143-9DAA-2976E51B0487}.AppStore|x64.Build.0 = Release|Any CPU
		{D4116110-8787-4143-9DAA-2976E51B0487}.AppStore|x86.ActiveCfg = Release|Any CPU
		{D4116110-8787-4143-9DAA-2976E51B0487}.AppStore|x86.Build.0 = Release|Any CPU
		{D4116110-8787-4143-9DAA-2976E51B0487}.Debug|Any CPU.ActiveCfg = Debug|Any CPU
		{D4116110-8787-4143-9DAA-2976E51B0487}.Debug|Any CPU.Build.0 = Debug|Any CPU
		{D4116110-8787-4143-9DAA-2976E51B0487}.Debug|ARM.ActiveCfg = Debug|Any CPU
		{D4116110-8787-4143-9DAA-2976E51B0487}.Debug|ARM.Build.0 = Debug|Any CPU
		{D4116110-8787-4143-9DAA-2976E51B0487}.Debug|iPhone.ActiveCfg = Debug|Any CPU
		{D4116110-8787-4143-9DAA-2976E51B0487}.Debug|iPhone.Build.0 = Debug|Any CPU
		{D4116110-8787-4143-9DAA-2976E51B0487}.Debug|iPhoneSimulator.ActiveCfg = Debug|Any CPU
		{D4116110-8787-4143-9DAA-2976E51B0487}.Debug|iPhoneSimulator.Build.0 = Debug|Any CPU
		{D4116110-8787-4143-9DAA-2976E51B0487}.Debug|x64.ActiveCfg = Debug|Any CPU
		{D4116110-8787-4143-9DAA-2976E51B0487}.Debug|x64.Build.0 = Debug|Any CPU
		{D4116110-8787-4143-9DAA-2976E51B0487}.Debug|x86.ActiveCfg = Debug|Any CPU
		{D4116110-8787-4143-9DAA-2976E51B0487}.Debug|x86.Build.0 = Debug|Any CPU
		{D4116110-8787-4143-9DAA-2976E51B0487}.Release|Any CPU.ActiveCfg = Release|Any CPU
		{D4116110-8787-4143-9DAA-2976E51B0487}.Release|Any CPU.Build.0 = Release|Any CPU
		{D4116110-8787-4143-9DAA-2976E51B0487}.Release|ARM.ActiveCfg = Release|Any CPU
		{D4116110-8787-4143-9DAA-2976E51B0487}.Release|ARM.Build.0 = Release|Any CPU
		{D4116110-8787-4143-9DAA-2976E51B0487}.Release|iPhone.ActiveCfg = Release|Any CPU
		{D4116110-8787-4143-9DAA-2976E51B0487}.Release|iPhone.Build.0 = Release|Any CPU
		{D4116110-8787-4143-9DAA-2976E51B0487}.Release|iPhoneSimulator.ActiveCfg = Release|Any CPU
		{D4116110-8787-4143-9DAA-2976E51B0487}.Release|iPhoneSimulator.Build.0 = Release|Any CPU
		{D4116110-8787-4143-9DAA-2976E51B0487}.Release|x64.ActiveCfg = Release|Any CPU
		{D4116110-8787-4143-9DAA-2976E51B0487}.Release|x64.Build.0 = Release|Any CPU
		{D4116110-8787-4143-9DAA-2976E51B0487}.Release|x86.ActiveCfg = Release|Any CPU
		{D4116110-8787-4143-9DAA-2976E51B0487}.Release|x86.Build.0 = Release|Any CPU
	EndGlobalSection
	GlobalSection(SolutionProperties) = preSolution
		HideSolutionNode = FALSE
	EndGlobalSection
	GlobalSection(NestedProjects) = preSolution
		{850D82AF-85E2-489D-A341-18EF409AF578} = {30577367-4E9F-421A-B3AA-3DB4D1A72292}
		{B469CDBD-8A38-4EB7-B1CE-A0B20D1388B9} = {30577367-4E9F-421A-B3AA-3DB4D1A72292}
		{6AB7B63F-D69A-432B-B9CF-A8C1C6FC8054} = {30577367-4E9F-421A-B3AA-3DB4D1A72292}
		{36A1A136-1ABD-4554-AD27-57D603C1D384} = {30577367-4E9F-421A-B3AA-3DB4D1A72292}
		{AD11753E-FC05-4D75-98A7-A49516392437} = {30577367-4E9F-421A-B3AA-3DB4D1A72292}
		{0C361D50-8F7B-468E-AA7B-5267ECEEB079} = {30577367-4E9F-421A-B3AA-3DB4D1A72292}
		{1DE7B2EC-D696-47B3-9395-F7067E2C5D89} = {97FD677F-E3C8-4966-9E80-CE0479B8E308}
		{6D0D52CB-C75A-49A5-B74F-72CC7768C03E} = {97FD677F-E3C8-4966-9E80-CE0479B8E308}
		{3BA48DDF-F183-49DF-9318-7158946488B9} = {97FD677F-E3C8-4966-9E80-CE0479B8E308}
		{E3738600-7092-44AA-88BB-F3E9D71D2632} = {97FD677F-E3C8-4966-9E80-CE0479B8E308}
		{EFA66431-9878-4FA9-B679-B187CEB5D0B7} = {97FD677F-E3C8-4966-9E80-CE0479B8E308}
		{D4116110-8787-4143-9DAA-2976E51B0487} = {97FD677F-E3C8-4966-9E80-CE0479B8E308}
	EndGlobalSection
EndGlobal
